// !$*UTF8*$!
{
	archiveVersion = 1;
	classes = {
	};
	objectVersion = 42;
	objects = {

/* Begin PBXBuildFile section */
		6410F376150EE18500371424 /* ofxEasing.cpp in Sources */ = {isa = PBXBuildFile; fileRef = 6410F34E150EE18500371424 /* ofxEasing.cpp */; };
		6410F377150EE18500371424 /* ofxEasingBack.cpp in Sources */ = {isa = PBXBuildFile; fileRef = 6410F350150EE18500371424 /* ofxEasingBack.cpp */; };
		6410F378150EE18500371424 /* ofxEasingBounce.cpp in Sources */ = {isa = PBXBuildFile; fileRef = 6410F352150EE18500371424 /* ofxEasingBounce.cpp */; };
		6410F379150EE18500371424 /* ofxEasingCirc.cpp in Sources */ = {isa = PBXBuildFile; fileRef = 6410F354150EE18500371424 /* ofxEasingCirc.cpp */; };
		6410F37A150EE18500371424 /* ofxEasingCubic.cpp in Sources */ = {isa = PBXBuildFile; fileRef = 6410F356150EE18500371424 /* ofxEasingCubic.cpp */; };
		6410F37B150EE18500371424 /* ofxEasingElastic.cpp in Sources */ = {isa = PBXBuildFile; fileRef = 6410F358150EE18500371424 /* ofxEasingElastic.cpp */; };
		6410F37C150EE18500371424 /* ofxEasingExpo.cpp in Sources */ = {isa = PBXBuildFile; fileRef = 6410F35A150EE18500371424 /* ofxEasingExpo.cpp */; };
		6410F37D150EE18500371424 /* ofxEasingLinear.cpp in Sources */ = {isa = PBXBuildFile; fileRef = 6410F35C150EE18500371424 /* ofxEasingLinear.cpp */; };
		6410F37E150EE18500371424 /* ofxEasingQuad.cpp in Sources */ = {isa = PBXBuildFile; fileRef = 6410F35E150EE18500371424 /* ofxEasingQuad.cpp */; };
		6410F37F150EE18500371424 /* ofxEasingQuart.cpp in Sources */ = {isa = PBXBuildFile; fileRef = 6410F360150EE18500371424 /* ofxEasingQuart.cpp */; };
		6410F380150EE18500371424 /* ofxEasingQuint.cpp in Sources */ = {isa = PBXBuildFile; fileRef = 6410F362150EE18500371424 /* ofxEasingQuint.cpp */; };
		6410F381150EE18500371424 /* ofxEasingSine.cpp in Sources */ = {isa = PBXBuildFile; fileRef = 6410F364150EE18500371424 /* ofxEasingSine.cpp */; };
		6410F382150EE18500371424 /* ofxTween.cpp in Sources */ = {isa = PBXBuildFile; fileRef = 6410F366150EE18500371424 /* ofxTween.cpp */; };
		641F056B15452B0500B45D92 /* TT_3D_Plane.cpp in Sources */ = {isa = PBXBuildFile; fileRef = 641F052A15452B0500B45D92 /* TT_3D_Plane.cpp */; };
		641F056C15452B0500B45D92 /* TT_Box.cpp in Sources */ = {isa = PBXBuildFile; fileRef = 641F052C15452B0500B45D92 /* TT_Box.cpp */; };
		641F056D15452B0500B45D92 /* AppEvents.cpp in Sources */ = {isa = PBXBuildFile; fileRef = 641F053415452B0500B45D92 /* AppEvents.cpp */; };
		641F056E15452B0500B45D92 /* baseforce.cpp in Sources */ = {isa = PBXBuildFile; fileRef = 641F053815452B0500B45D92 /* baseforce.cpp */; };
		641F056F15452B0500B45D92 /* sinewaveforce.cpp in Sources */ = {isa = PBXBuildFile; fileRef = 641F053C15452B0500B45D92 /* sinewaveforce.cpp */; };
		641F057015452B0500B45D92 /* MSAFluidManager.cpp in Sources */ = {isa = PBXBuildFile; fileRef = 641F053E15452B0500B45D92 /* MSAFluidManager.cpp */; };
		641F057115452B0500B45D92 /* MSAPhysicsFluidUpdater.cpp in Sources */ = {isa = PBXBuildFile; fileRef = 641F054115452B0500B45D92 /* MSAPhysicsFluidUpdater.cpp */; };
		641F057215452B0500B45D92 /* main.cpp in Sources */ = {isa = PBXBuildFile; fileRef = 641F054315452B0500B45D92 /* main.cpp */; };
		641F057315452B0500B45D92 /* MSAPhysicsUpdater3D.cpp in Sources */ = {isa = PBXBuildFile; fileRef = 641F054715452B0500B45D92 /* MSAPhysicsUpdater3D.cpp */; };
		641F057415452B0500B45D92 /* MSAParticleSystem3D.cpp in Sources */ = {isa = PBXBuildFile; fileRef = 641F054A15452B0500B45D92 /* MSAParticleSystem3D.cpp */; };
		641F057515452B0500B45D92 /* MSAParticleSystem3D_Abstract.cpp in Sources */ = {isa = PBXBuildFile; fileRef = 641F054C15452B0500B45D92 /* MSAParticleSystem3D_Abstract.cpp */; };
		641F057615452B0500B45D92 /* MSAParticleGroup3D.cpp in Sources */ = {isa = PBXBuildFile; fileRef = 641F055115452B0500B45D92 /* MSAParticleGroup3D.cpp */; };
		641F057715452B0500B45D92 /* testApp.cpp in Sources */ = {isa = PBXBuildFile; fileRef = 641F056915452B0500B45D92 /* testApp.cpp */; };
		6423C9A414E56ED600B9C6A0 /* MSAFluidDrawerBase.cpp in Sources */ = {isa = PBXBuildFile; fileRef = 6423C98414E56ED500B9C6A0 /* MSAFluidDrawerBase.cpp */; };
		6423C9A514E56ED600B9C6A0 /* MSAFluidSolver.cpp in Sources */ = {isa = PBXBuildFile; fileRef = 6423C98914E56ED500B9C6A0 /* MSAFluidSolver.cpp */; };
		645803EE14E2FA08008B8410 /* Color.cpp in Sources */ = {isa = PBXBuildFile; fileRef = 6458035C14E2FA08008B8410 /* Color.cpp */; };
		645803EF14E2FA08008B8410 /* MSACoreGL.cpp in Sources */ = {isa = PBXBuildFile; fileRef = 6458036314E2FA08008B8410 /* MSACoreGL.cpp */; };
		645803F214E2FA08008B8410 /* MSAObjCPointer.cpp in Sources */ = {isa = PBXBuildFile; fileRef = 6458037414E2FA08008B8410 /* MSAObjCPointer.cpp */; };
		645803F814E2FA08008B8410 /* ofxMSAInteractiveObject.cpp in Sources */ = {isa = PBXBuildFile; fileRef = 645803B914E2FA08008B8410 /* ofxMSAInteractiveObject.cpp */; };
		645803FB14E2FA08008B8410 /* ofxSimpleGuiButton.cpp in Sources */ = {isa = PBXBuildFile; fileRef = 645803C814E2FA08008B8410 /* ofxSimpleGuiButton.cpp */; };
		645803FC14E2FA08008B8410 /* ofxSimpleGuiColorPicker.cpp in Sources */ = {isa = PBXBuildFile; fileRef = 645803CA14E2FA08008B8410 /* ofxSimpleGuiColorPicker.cpp */; };
		645803FD14E2FA08008B8410 /* ofxSimpleGuiComboBox.cpp in Sources */ = {isa = PBXBuildFile; fileRef = 645803CC14E2FA08008B8410 /* ofxSimpleGuiComboBox.cpp */; };
		645803FE14E2FA08008B8410 /* ofxSimpleGuiContent.cpp in Sources */ = {isa = PBXBuildFile; fileRef = 645803CE14E2FA08008B8410 /* ofxSimpleGuiContent.cpp */; };
		645803FF14E2FA08008B8410 /* ofxSimpleGuiFPSCounter.cpp in Sources */ = {isa = PBXBuildFile; fileRef = 645803D014E2FA08008B8410 /* ofxSimpleGuiFPSCounter.cpp */; };
		6458040014E2FA08008B8410 /* ofxSimpleGuiMovieSlider.cpp in Sources */ = {isa = PBXBuildFile; fileRef = 645803D214E2FA08008B8410 /* ofxSimpleGuiMovieSlider.cpp */; };
		6458040114E2FA08008B8410 /* ofxSimpleGuiQuadWarp.cpp in Sources */ = {isa = PBXBuildFile; fileRef = 645803D414E2FA08008B8410 /* ofxSimpleGuiQuadWarp.cpp */; };
		6458040214E2FA08008B8410 /* ofxSimpleGuiSlider2d.cpp in Sources */ = {isa = PBXBuildFile; fileRef = 645803D614E2FA08008B8410 /* ofxSimpleGuiSlider2d.cpp */; };
		6458040314E2FA08008B8410 /* ofxSimpleGuiTitle.cpp in Sources */ = {isa = PBXBuildFile; fileRef = 645803DB14E2FA08008B8410 /* ofxSimpleGuiTitle.cpp */; };
		6458040414E2FA08008B8410 /* ofxSimpleGuiToggle.cpp in Sources */ = {isa = PBXBuildFile; fileRef = 645803DD14E2FA08008B8410 /* ofxSimpleGuiToggle.cpp */; };
		6458040514E2FA08008B8410 /* ofxSimpleGuiConfig.cpp in Sources */ = {isa = PBXBuildFile; fileRef = 645803DF14E2FA08008B8410 /* ofxSimpleGuiConfig.cpp */; };
		6458040614E2FA08008B8410 /* ofxSimpleGuiControl.cpp in Sources */ = {isa = PBXBuildFile; fileRef = 645803E114E2FA08008B8410 /* ofxSimpleGuiControl.cpp */; };
		6458040714E2FA08008B8410 /* ofxSimpleGuiPage.cpp in Sources */ = {isa = PBXBuildFile; fileRef = 645803E414E2FA08008B8410 /* ofxSimpleGuiPage.cpp */; };
		6458040814E2FA08008B8410 /* ofxSimpleGuiToo.cpp in Sources */ = {isa = PBXBuildFile; fileRef = 645803E614E2FA08008B8410 /* ofxSimpleGuiToo.cpp */; };
		6458040914E2FA08008B8410 /* ofxSimpleGuiValueControl.cpp in Sources */ = {isa = PBXBuildFile; fileRef = 645803E814E2FA08008B8410 /* ofxSimpleGuiValueControl.cpp */; };
		6458041714E2FA17008B8410 /* tinyxml.cpp in Sources */ = {isa = PBXBuildFile; fileRef = 6458041014E2FA17008B8410 /* tinyxml.cpp */; };
		6458041814E2FA17008B8410 /* tinyxmlerror.cpp in Sources */ = {isa = PBXBuildFile; fileRef = 6458041214E2FA17008B8410 /* tinyxmlerror.cpp */; };
		6458041914E2FA17008B8410 /* tinyxmlparser.cpp in Sources */ = {isa = PBXBuildFile; fileRef = 6458041314E2FA17008B8410 /* tinyxmlparser.cpp */; };
		6458041A14E2FA17008B8410 /* ofxXmlSettings.cpp in Sources */ = {isa = PBXBuildFile; fileRef = 6458041514E2FA17008B8410 /* ofxXmlSettings.cpp */; };
		BBAB23CB13894F3D00AA2426 /* GLUT.framework in CopyFiles */ = {isa = PBXBuildFile; fileRef = BBAB23BE13894E4700AA2426 /* GLUT.framework */; };
		E4328149138ABC9F0047C5CB /* openFrameworksDebug.a in Frameworks */ = {isa = PBXBuildFile; fileRef = E4328148138ABC890047C5CB /* openFrameworksDebug.a */; };
		E45BE97B0E8CC7DD009D7055 /* AGL.framework in Frameworks */ = {isa = PBXBuildFile; fileRef = E45BE9710E8CC7DD009D7055 /* AGL.framework */; };
		E45BE97C0E8CC7DD009D7055 /* ApplicationServices.framework in Frameworks */ = {isa = PBXBuildFile; fileRef = E45BE9720E8CC7DD009D7055 /* ApplicationServices.framework */; };
		E45BE97D0E8CC7DD009D7055 /* AudioToolbox.framework in Frameworks */ = {isa = PBXBuildFile; fileRef = E45BE9730E8CC7DD009D7055 /* AudioToolbox.framework */; };
		E45BE97E0E8CC7DD009D7055 /* Carbon.framework in Frameworks */ = {isa = PBXBuildFile; fileRef = E45BE9740E8CC7DD009D7055 /* Carbon.framework */; };
		E45BE97F0E8CC7DD009D7055 /* CoreAudio.framework in Frameworks */ = {isa = PBXBuildFile; fileRef = E45BE9750E8CC7DD009D7055 /* CoreAudio.framework */; };
		E45BE9800E8CC7DD009D7055 /* CoreFoundation.framework in Frameworks */ = {isa = PBXBuildFile; fileRef = E45BE9760E8CC7DD009D7055 /* CoreFoundation.framework */; };
		E45BE9810E8CC7DD009D7055 /* CoreServices.framework in Frameworks */ = {isa = PBXBuildFile; fileRef = E45BE9770E8CC7DD009D7055 /* CoreServices.framework */; };
		E45BE9830E8CC7DD009D7055 /* OpenGL.framework in Frameworks */ = {isa = PBXBuildFile; fileRef = E45BE9790E8CC7DD009D7055 /* OpenGL.framework */; };
		E45BE9840E8CC7DD009D7055 /* QuickTime.framework in Frameworks */ = {isa = PBXBuildFile; fileRef = E45BE97A0E8CC7DD009D7055 /* QuickTime.framework */; };
		E4C2424710CC5A17004149E2 /* AppKit.framework in Frameworks */ = {isa = PBXBuildFile; fileRef = E4C2424410CC5A17004149E2 /* AppKit.framework */; };
		E4C2424810CC5A17004149E2 /* Cocoa.framework in Frameworks */ = {isa = PBXBuildFile; fileRef = E4C2424510CC5A17004149E2 /* Cocoa.framework */; };
		E4C2424910CC5A17004149E2 /* IOKit.framework in Frameworks */ = {isa = PBXBuildFile; fileRef = E4C2424610CC5A17004149E2 /* IOKit.framework */; };
		E4EB6799138ADC1D00A09F29 /* GLUT.framework in Frameworks */ = {isa = PBXBuildFile; fileRef = BBAB23BE13894E4700AA2426 /* GLUT.framework */; };
/* End PBXBuildFile section */

/* Begin PBXContainerItemProxy section */
		E4328147138ABC890047C5CB /* PBXContainerItemProxy */ = {
			isa = PBXContainerItemProxy;
			containerPortal = E4328143138ABC890047C5CB /* openFrameworksLib.xcodeproj */;
			proxyType = 2;
			remoteGlobalIDString = E4B27C1510CBEB8E00536013;
			remoteInfo = openFrameworks;
		};
		E4EEB9AB138B136A00A80321 /* PBXContainerItemProxy */ = {
			isa = PBXContainerItemProxy;
			containerPortal = E4328143138ABC890047C5CB /* openFrameworksLib.xcodeproj */;
			proxyType = 1;
			remoteGlobalIDString = E4B27C1410CBEB8E00536013;
			remoteInfo = openFrameworks;
		};
/* End PBXContainerItemProxy section */

/* Begin PBXCopyFilesBuildPhase section */
		E4C2427710CC5ABF004149E2 /* CopyFiles */ = {
			isa = PBXCopyFilesBuildPhase;
			buildActionMask = 2147483647;
			dstPath = "";
			dstSubfolderSpec = 10;
			files = (
				BBAB23CB13894F3D00AA2426 /* GLUT.framework in CopyFiles */,
			);
			runOnlyForDeploymentPostprocessing = 0;
		};
/* End PBXCopyFilesBuildPhase section */

/* Begin PBXFileReference section */
		6410F34D150EE18500371424 /* easing_terms_of_use.html */ = {isa = PBXFileReference; fileEncoding = 4; lastKnownFileType = text.html; path = easing_terms_of_use.html; sourceTree = "<group>"; };
		6410F34E150EE18500371424 /* ofxEasing.cpp */ = {isa = PBXFileReference; fileEncoding = 4; lastKnownFileType = sourcecode.cpp.cpp; path = ofxEasing.cpp; sourceTree = "<group>"; };
		6410F34F150EE18500371424 /* ofxEasing.h */ = {isa = PBXFileReference; fileEncoding = 4; lastKnownFileType = sourcecode.c.h; path = ofxEasing.h; sourceTree = "<group>"; };
		6410F350150EE18500371424 /* ofxEasingBack.cpp */ = {isa = PBXFileReference; fileEncoding = 4; lastKnownFileType = sourcecode.cpp.cpp; path = ofxEasingBack.cpp; sourceTree = "<group>"; };
		6410F351150EE18500371424 /* ofxEasingBack.h */ = {isa = PBXFileReference; fileEncoding = 4; lastKnownFileType = sourcecode.c.h; path = ofxEasingBack.h; sourceTree = "<group>"; };
		6410F352150EE18500371424 /* ofxEasingBounce.cpp */ = {isa = PBXFileReference; fileEncoding = 4; lastKnownFileType = sourcecode.cpp.cpp; path = ofxEasingBounce.cpp; sourceTree = "<group>"; };
		6410F353150EE18500371424 /* ofxEasingBounce.h */ = {isa = PBXFileReference; fileEncoding = 4; lastKnownFileType = sourcecode.c.h; path = ofxEasingBounce.h; sourceTree = "<group>"; };
		6410F354150EE18500371424 /* ofxEasingCirc.cpp */ = {isa = PBXFileReference; fileEncoding = 4; lastKnownFileType = sourcecode.cpp.cpp; path = ofxEasingCirc.cpp; sourceTree = "<group>"; };
		6410F355150EE18500371424 /* ofxEasingCirc.h */ = {isa = PBXFileReference; fileEncoding = 4; lastKnownFileType = sourcecode.c.h; path = ofxEasingCirc.h; sourceTree = "<group>"; };
		6410F356150EE18500371424 /* ofxEasingCubic.cpp */ = {isa = PBXFileReference; fileEncoding = 4; lastKnownFileType = sourcecode.cpp.cpp; path = ofxEasingCubic.cpp; sourceTree = "<group>"; };
		6410F357150EE18500371424 /* ofxEasingCubic.h */ = {isa = PBXFileReference; fileEncoding = 4; lastKnownFileType = sourcecode.c.h; path = ofxEasingCubic.h; sourceTree = "<group>"; };
		6410F358150EE18500371424 /* ofxEasingElastic.cpp */ = {isa = PBXFileReference; fileEncoding = 4; lastKnownFileType = sourcecode.cpp.cpp; path = ofxEasingElastic.cpp; sourceTree = "<group>"; };
		6410F359150EE18500371424 /* ofxEasingElastic.h */ = {isa = PBXFileReference; fileEncoding = 4; lastKnownFileType = sourcecode.c.h; path = ofxEasingElastic.h; sourceTree = "<group>"; };
		6410F35A150EE18500371424 /* ofxEasingExpo.cpp */ = {isa = PBXFileReference; fileEncoding = 4; lastKnownFileType = sourcecode.cpp.cpp; path = ofxEasingExpo.cpp; sourceTree = "<group>"; };
		6410F35B150EE18500371424 /* ofxEasingExpo.h */ = {isa = PBXFileReference; fileEncoding = 4; lastKnownFileType = sourcecode.c.h; path = ofxEasingExpo.h; sourceTree = "<group>"; };
		6410F35C150EE18500371424 /* ofxEasingLinear.cpp */ = {isa = PBXFileReference; fileEncoding = 4; lastKnownFileType = sourcecode.cpp.cpp; path = ofxEasingLinear.cpp; sourceTree = "<group>"; };
		6410F35D150EE18500371424 /* ofxEasingLinear.h */ = {isa = PBXFileReference; fileEncoding = 4; lastKnownFileType = sourcecode.c.h; path = ofxEasingLinear.h; sourceTree = "<group>"; };
		6410F35E150EE18500371424 /* ofxEasingQuad.cpp */ = {isa = PBXFileReference; fileEncoding = 4; lastKnownFileType = sourcecode.cpp.cpp; path = ofxEasingQuad.cpp; sourceTree = "<group>"; };
		6410F35F150EE18500371424 /* ofxEasingQuad.h */ = {isa = PBXFileReference; fileEncoding = 4; lastKnownFileType = sourcecode.c.h; path = ofxEasingQuad.h; sourceTree = "<group>"; };
		6410F360150EE18500371424 /* ofxEasingQuart.cpp */ = {isa = PBXFileReference; fileEncoding = 4; lastKnownFileType = sourcecode.cpp.cpp; path = ofxEasingQuart.cpp; sourceTree = "<group>"; };
		6410F361150EE18500371424 /* ofxEasingQuart.h */ = {isa = PBXFileReference; fileEncoding = 4; lastKnownFileType = sourcecode.c.h; path = ofxEasingQuart.h; sourceTree = "<group>"; };
		6410F362150EE18500371424 /* ofxEasingQuint.cpp */ = {isa = PBXFileReference; fileEncoding = 4; lastKnownFileType = sourcecode.cpp.cpp; path = ofxEasingQuint.cpp; sourceTree = "<group>"; };
		6410F363150EE18500371424 /* ofxEasingQuint.h */ = {isa = PBXFileReference; fileEncoding = 4; lastKnownFileType = sourcecode.c.h; path = ofxEasingQuint.h; sourceTree = "<group>"; };
		6410F364150EE18500371424 /* ofxEasingSine.cpp */ = {isa = PBXFileReference; fileEncoding = 4; lastKnownFileType = sourcecode.cpp.cpp; path = ofxEasingSine.cpp; sourceTree = "<group>"; };
		6410F365150EE18500371424 /* ofxEasingSine.h */ = {isa = PBXFileReference; fileEncoding = 4; lastKnownFileType = sourcecode.c.h; path = ofxEasingSine.h; sourceTree = "<group>"; };
		6410F366150EE18500371424 /* ofxTween.cpp */ = {isa = PBXFileReference; fileEncoding = 4; lastKnownFileType = sourcecode.cpp.cpp; path = ofxTween.cpp; sourceTree = "<group>"; };
		6410F367150EE18500371424 /* ofxTween.h */ = {isa = PBXFileReference; fileEncoding = 4; lastKnownFileType = sourcecode.c.h; path = ofxTween.h; sourceTree = "<group>"; };
		641F052A15452B0500B45D92 /* TT_3D_Plane.cpp */ = {isa = PBXFileReference; fileEncoding = 4; lastKnownFileType = sourcecode.cpp.cpp; path = TT_3D_Plane.cpp; sourceTree = "<group>"; };
		641F052B15452B0500B45D92 /* TT_3D_Plane.h */ = {isa = PBXFileReference; fileEncoding = 4; lastKnownFileType = sourcecode.c.h; path = TT_3D_Plane.h; sourceTree = "<group>"; };
		641F052C15452B0500B45D92 /* TT_Box.cpp */ = {isa = PBXFileReference; fileEncoding = 4; lastKnownFileType = sourcecode.cpp.cpp; path = TT_Box.cpp; sourceTree = "<group>"; };
		641F052D15452B0500B45D92 /* TT_Box.h */ = {isa = PBXFileReference; fileEncoding = 4; lastKnownFileType = sourcecode.c.h; path = TT_Box.h; sourceTree = "<group>"; };
		641F052E15452B0500B45D92 /* TT_BoxGui.h */ = {isa = PBXFileReference; fileEncoding = 4; lastKnownFileType = sourcecode.c.h; path = TT_BoxGui.h; sourceTree = "<group>"; };
		641F052F15452B0500B45D92 /* TT_DiscoBox.h */ = {isa = PBXFileReference; fileEncoding = 4; lastKnownFileType = sourcecode.c.h; path = TT_DiscoBox.h; sourceTree = "<group>"; };
		641F053015452B0500B45D92 /* TT_DiscoBoxApp.h */ = {isa = PBXFileReference; fileEncoding = 4; lastKnownFileType = sourcecode.c.h; path = TT_DiscoBoxApp.h; sourceTree = "<group>"; };
		641F053115452B0500B45D92 /* TT_Fog.h */ = {isa = PBXFileReference; fileEncoding = 4; lastKnownFileType = sourcecode.c.h; path = TT_Fog.h; sourceTree = "<group>"; };
		641F053215452B0500B45D92 /* TT_FogAnimated.h */ = {isa = PBXFileReference; fileEncoding = 4; lastKnownFileType = sourcecode.c.h; path = TT_FogAnimated.h; sourceTree = "<group>"; };
		641F053415452B0500B45D92 /* AppEvents.cpp */ = {isa = PBXFileReference; fileEncoding = 4; lastKnownFileType = sourcecode.cpp.cpp; path = AppEvents.cpp; sourceTree = "<group>"; };
		641F053515452B0500B45D92 /* AppEvents.h */ = {isa = PBXFileReference; fileEncoding = 4; lastKnownFileType = sourcecode.c.h; path = AppEvents.h; sourceTree = "<group>"; };
		641F053815452B0500B45D92 /* baseforce.cpp */ = {isa = PBXFileReference; fileEncoding = 4; lastKnownFileType = sourcecode.cpp.cpp; path = baseforce.cpp; sourceTree = "<group>"; };
		641F053915452B0500B45D92 /* baseforce.h */ = {isa = PBXFileReference; fileEncoding = 4; lastKnownFileType = sourcecode.c.h; path = baseforce.h; sourceTree = "<group>"; };
		641F053A15452B0500B45D92 /* BaseForceAnimated.h */ = {isa = PBXFileReference; fileEncoding = 4; lastKnownFileType = sourcecode.c.h; path = BaseForceAnimated.h; sourceTree = "<group>"; };
		641F053B15452B0500B45D92 /* ForceFromSide.h */ = {isa = PBXFileReference; fileEncoding = 4; lastKnownFileType = sourcecode.c.h; path = ForceFromSide.h; sourceTree = "<group>"; };
		641F053C15452B0500B45D92 /* sinewaveforce.cpp */ = {isa = PBXFileReference; fileEncoding = 4; lastKnownFileType = sourcecode.cpp.cpp; path = sinewaveforce.cpp; sourceTree = "<group>"; };
		641F053D15452B0500B45D92 /* sinewaveforce.h */ = {isa = PBXFileReference; fileEncoding = 4; lastKnownFileType = sourcecode.c.h; path = sinewaveforce.h; sourceTree = "<group>"; };
		641F053E15452B0500B45D92 /* MSAFluidManager.cpp */ = {isa = PBXFileReference; fileEncoding = 4; lastKnownFileType = sourcecode.cpp.cpp; path = MSAFluidManager.cpp; sourceTree = "<group>"; };
		641F053F15452B0500B45D92 /* MSAFluidManager.h */ = {isa = PBXFileReference; fileEncoding = 4; lastKnownFileType = sourcecode.c.h; path = MSAFluidManager.h; sourceTree = "<group>"; };
		641F054015452B0500B45D92 /* MSAFluidManagerApp.h */ = {isa = PBXFileReference; fileEncoding = 4; lastKnownFileType = sourcecode.c.h; path = MSAFluidManagerApp.h; sourceTree = "<group>"; };
		641F054115452B0500B45D92 /* MSAPhysicsFluidUpdater.cpp */ = {isa = PBXFileReference; fileEncoding = 4; lastKnownFileType = sourcecode.cpp.cpp; path = MSAPhysicsFluidUpdater.cpp; sourceTree = "<group>"; };
		641F054215452B0500B45D92 /* MSAPhysicsFluidUpdater.h */ = {isa = PBXFileReference; fileEncoding = 4; lastKnownFileType = sourcecode.c.h; path = MSAPhysicsFluidUpdater.h; sourceTree = "<group>"; };
		641F054315452B0500B45D92 /* main.cpp */ = {isa = PBXFileReference; fileEncoding = 4; lastKnownFileType = sourcecode.cpp.cpp; path = main.cpp; sourceTree = "<group>"; };
		641F054615452B0500B45D92 /* MSAPhysicsFluidUpdater3D.h */ = {isa = PBXFileReference; fileEncoding = 4; lastKnownFileType = sourcecode.c.h; path = MSAPhysicsFluidUpdater3D.h; sourceTree = "<group>"; };
		641F054715452B0500B45D92 /* MSAPhysicsUpdater3D.cpp */ = {isa = PBXFileReference; fileEncoding = 4; lastKnownFileType = sourcecode.cpp.cpp; path = MSAPhysicsUpdater3D.cpp; sourceTree = "<group>"; };
		641F054815452B0500B45D92 /* MSAPhysicsUpdater3D.h */ = {isa = PBXFileReference; fileEncoding = 4; lastKnownFileType = sourcecode.c.h; path = MSAPhysicsUpdater3D.h; sourceTree = "<group>"; };
		641F054915452B0500B45D92 /* MSAPhysicsUpdaterShake.h */ = {isa = PBXFileReference; fileEncoding = 4; lastKnownFileType = sourcecode.c.h; path = MSAPhysicsUpdaterShake.h; sourceTree = "<group>"; };
		641F054A15452B0500B45D92 /* MSAParticleSystem3D.cpp */ = {isa = PBXFileReference; fileEncoding = 4; lastKnownFileType = sourcecode.cpp.cpp; path = MSAParticleSystem3D.cpp; sourceTree = "<group>"; };
		641F054B15452B0500B45D92 /* MSAParticleSystem3D.h */ = {isa = PBXFileReference; fileEncoding = 4; lastKnownFileType = sourcecode.c.h; path = MSAParticleSystem3D.h; sourceTree = "<group>"; };
		641F054C15452B0500B45D92 /* MSAParticleSystem3D_Abstract.cpp */ = {isa = PBXFileReference; fileEncoding = 4; lastKnownFileType = sourcecode.cpp.cpp; path = MSAParticleSystem3D_Abstract.cpp; sourceTree = "<group>"; };
		641F054D15452B0500B45D92 /* MSAParticleSystem3D_Abstract.h */ = {isa = PBXFileReference; fileEncoding = 4; lastKnownFileType = sourcecode.c.h; path = MSAParticleSystem3D_Abstract.h; sourceTree = "<group>"; };
		641F054E15452B0500B45D92 /* MSAParticleSystem3D_Groups.h */ = {isa = PBXFileReference; fileEncoding = 4; lastKnownFileType = sourcecode.c.h; path = MSAParticleSystem3D_Groups.h; sourceTree = "<group>"; };
		641F054F15452B0500B45D92 /* MSAParticleSystemEvented.h */ = {isa = PBXFileReference; fileEncoding = 4; lastKnownFileType = sourcecode.c.h; path = MSAParticleSystemEvented.h; sourceTree = "<group>"; };
		641F055115452B0500B45D92 /* MSAParticleGroup3D.cpp */ = {isa = PBXFileReference; fileEncoding = 4; lastKnownFileType = sourcecode.cpp.cpp; path = MSAParticleGroup3D.cpp; sourceTree = "<group>"; };
		641F055215452B0500B45D92 /* MSAParticleGroup3D.h */ = {isa = PBXFileReference; fileEncoding = 4; lastKnownFileType = sourcecode.c.h; path = MSAParticleGroup3D.h; sourceTree = "<group>"; };
		641F055315452B0500B45D92 /* MSAParticleGroup3D_Lines.h */ = {isa = PBXFileReference; fileEncoding = 4; lastKnownFileType = sourcecode.c.h; path = MSAParticleGroup3D_Lines.h; sourceTree = "<group>"; };
		641F055415452B0500B45D92 /* MSAParticleGroup3D_PointSprites.h */ = {isa = PBXFileReference; fileEncoding = 4; lastKnownFileType = sourcecode.c.h; path = MSAParticleGroup3D_PointSprites.h; sourceTree = "<group>"; };
		641F055515452B0500B45D92 /* MSAParticleGroup3D_PointSpritesShader.h */ = {isa = PBXFileReference; fileEncoding = 4; lastKnownFileType = sourcecode.c.h; path = MSAParticleGroup3D_PointSpritesShader.h; sourceTree = "<group>"; };
		641F055615452B0500B45D92 /* MSAParticleGroup3D_PointSpritesVbo.h */ = {isa = PBXFileReference; fileEncoding = 4; lastKnownFileType = sourcecode.c.h; path = MSAParticleGroup3D_PointSpritesVbo.h; sourceTree = "<group>"; };
		641F055715452B0500B45D92 /* MSAParticleGroup3DMesh.h */ = {isa = PBXFileReference; fileEncoding = 4; lastKnownFileType = sourcecode.c.h; path = MSAParticleGroup3DMesh.h; sourceTree = "<group>"; };
		641F055815452B0500B45D92 /* MSAParticleGroup3DMesh_Lines.h */ = {isa = PBXFileReference; fileEncoding = 4; lastKnownFileType = sourcecode.c.h; path = MSAParticleGroup3DMesh_Lines.h; sourceTree = "<group>"; };
		641F055915452B0500B45D92 /* MSAParticleGroup3DMesh_PointSprites.h */ = {isa = PBXFileReference; fileEncoding = 4; lastKnownFileType = sourcecode.c.h; path = MSAParticleGroup3DMesh_PointSprites.h; sourceTree = "<group>"; };
		641F055A15452B0500B45D92 /* MSAParticleGroup3DMesh_Quad.h */ = {isa = PBXFileReference; fileEncoding = 4; lastKnownFileType = sourcecode.c.h; path = MSAParticleGroup3DMesh_Quad.h; sourceTree = "<group>"; };
		641F055B15452B0500B45D92 /* MSAParticleGroups3D_Quads.h */ = {isa = PBXFileReference; fileEncoding = 4; lastKnownFileType = sourcecode.c.h; path = MSAParticleGroups3D_Quads.h; sourceTree = "<group>"; };
		641F055D15452B0500B45D92 /* TT_Custom_MSAParticle3D.h */ = {isa = PBXFileReference; fileEncoding = 4; lastKnownFileType = sourcecode.c.h; path = TT_Custom_MSAParticle3D.h; sourceTree = "<group>"; };
		641F055F15452B0500B45D92 /* TT_Sequencer copy.h */ = {isa = PBXFileReference; fileEncoding = 4; lastKnownFileType = sourcecode.c.h; path = "TT_Sequencer copy.h"; sourceTree = "<group>"; };
		641F056015452B0500B45D92 /* TT_Sequencer.h */ = {isa = PBXFileReference; fileEncoding = 4; lastKnownFileType = sourcecode.c.h; path = TT_Sequencer.h; sourceTree = "<group>"; };
		641F056115452B0500B45D92 /* TT_Sequencer_Quiet.h */ = {isa = PBXFileReference; fileEncoding = 4; lastKnownFileType = sourcecode.c.h; path = TT_Sequencer_Quiet.h; sourceTree = "<group>"; };
		641F056215452B0500B45D92 /* TT_SequencerSettings.h */ = {isa = PBXFileReference; fileEncoding = 4; lastKnownFileType = sourcecode.c.h; path = TT_SequencerSettings.h; sourceTree = "<group>"; };
		641F056315452B0500B45D92 /* TT_Tempo.h */ = {isa = PBXFileReference; fileEncoding = 4; lastKnownFileType = sourcecode.c.h; path = TT_Tempo.h; sourceTree = "<group>"; };
		641F056515452B0500B45D92 /* TT_SoundManager.h */ = {isa = PBXFileReference; fileEncoding = 4; lastKnownFileType = sourcecode.c.h; path = TT_SoundManager.h; sourceTree = "<group>"; };
		641F056615452B0500B45D92 /* TT_SoundPlayer.h */ = {isa = PBXFileReference; fileEncoding = 4; lastKnownFileType = sourcecode.c.h; path = TT_SoundPlayer.h; sourceTree = "<group>"; };
		641F056715452B0500B45D92 /* TT_SoundPlayer_gui.h */ = {isa = PBXFileReference; fileEncoding = 4; lastKnownFileType = sourcecode.c.h; path = TT_SoundPlayer_gui.h; sourceTree = "<group>"; };
		641F056815452B0500B45D92 /* TT_Timer.h */ = {isa = PBXFileReference; fileEncoding = 4; lastKnownFileType = sourcecode.c.h; path = TT_Timer.h; sourceTree = "<group>"; };
		641F056915452B0500B45D92 /* testApp.cpp */ = {isa = PBXFileReference; fileEncoding = 4; lastKnownFileType = sourcecode.cpp.cpp; path = testApp.cpp; sourceTree = "<group>"; };
		641F056A15452B0500B45D92 /* testApp.h */ = {isa = PBXFileReference; fileEncoding = 4; lastKnownFileType = sourcecode.c.h; path = testApp.h; sourceTree = "<group>"; };
		641F057915452BF000B45D92 /* TT_Presets.h */ = {isa = PBXFileReference; fileEncoding = 4; lastKnownFileType = sourcecode.c.h; path = TT_Presets.h; sourceTree = "<group>"; };
		6423C98314E56ED500B9C6A0 /* MSAFluid.h */ = {isa = PBXFileReference; fileEncoding = 4; lastKnownFileType = sourcecode.c.h; path = MSAFluid.h; sourceTree = "<group>"; };
		6423C98414E56ED500B9C6A0 /* MSAFluidDrawerBase.cpp */ = {isa = PBXFileReference; fileEncoding = 4; lastKnownFileType = sourcecode.cpp.cpp; path = MSAFluidDrawerBase.cpp; sourceTree = "<group>"; };
		6423C98514E56ED500B9C6A0 /* MSAFluidDrawerBase.h */ = {isa = PBXFileReference; fileEncoding = 4; lastKnownFileType = sourcecode.c.h; path = MSAFluidDrawerBase.h; sourceTree = "<group>"; };
		6423C98614E56ED500B9C6A0 /* MSAFluidDrawerGl-Cinder.h */ = {isa = PBXFileReference; fileEncoding = 4; lastKnownFileType = sourcecode.c.h; path = "MSAFluidDrawerGl-Cinder.h"; sourceTree = "<group>"; };
		6423C98714E56ED500B9C6A0 /* MSAFluidDrawerGl-OF.h */ = {isa = PBXFileReference; fileEncoding = 4; lastKnownFileType = sourcecode.c.h; path = "MSAFluidDrawerGl-OF.h"; sourceTree = "<group>"; };
		6423C98814E56ED500B9C6A0 /* MSAFluidParticleUpdater.h */ = {isa = PBXFileReference; fileEncoding = 4; lastKnownFileType = sourcecode.c.h; path = MSAFluidParticleUpdater.h; sourceTree = "<group>"; };
		6423C98914E56ED500B9C6A0 /* MSAFluidSolver.cpp */ = {isa = PBXFileReference; fileEncoding = 4; lastKnownFileType = sourcecode.cpp.cpp; path = MSAFluidSolver.cpp; sourceTree = "<group>"; };
		6423C98A14E56ED500B9C6A0 /* MSAFluidSolver.h */ = {isa = PBXFileReference; fileEncoding = 4; lastKnownFileType = sourcecode.c.h; path = MSAFluidSolver.h; sourceTree = "<group>"; };
		6423C9B614E5715B00B9C6A0 /* MSATimer.h */ = {isa = PBXFileReference; fileEncoding = 4; lastKnownFileType = sourcecode.c.h; path = MSATimer.h; sourceTree = "<group>"; };
		6458035714E2FA08008B8410 /* install.xml */ = {isa = PBXFileReference; fileEncoding = 4; lastKnownFileType = text.xml; path = install.xml; sourceTree = "<group>"; };
		6458035A14E2FA08008B8410 /* ChanTraits.h */ = {isa = PBXFileReference; fileEncoding = 4; lastKnownFileType = sourcecode.c.h; path = ChanTraits.h; sourceTree = "<group>"; };
		6458035B14E2FA08008B8410 /* CinderMath.h */ = {isa = PBXFileReference; fileEncoding = 4; lastKnownFileType = sourcecode.c.h; path = CinderMath.h; sourceTree = "<group>"; };
		6458035C14E2FA08008B8410 /* Color.cpp */ = {isa = PBXFileReference; fileEncoding = 4; lastKnownFileType = sourcecode.cpp.cpp; path = Color.cpp; sourceTree = "<group>"; };
		6458035D14E2FA08008B8410 /* Color.h */ = {isa = PBXFileReference; fileEncoding = 4; lastKnownFileType = sourcecode.c.h; path = Color.h; sourceTree = "<group>"; };
		6458035E14E2FA08008B8410 /* Vector.h */ = {isa = PBXFileReference; fileEncoding = 4; lastKnownFileType = sourcecode.c.h; path = Vector.h; sourceTree = "<group>"; };
		6458035F14E2FA08008B8410 /* MSACore-Cinder.h */ = {isa = PBXFileReference; fileEncoding = 4; lastKnownFileType = sourcecode.c.h; path = "MSACore-Cinder.h"; sourceTree = "<group>"; };
		6458036014E2FA08008B8410 /* MSACore-OF.h */ = {isa = PBXFileReference; fileEncoding = 4; lastKnownFileType = sourcecode.c.h; path = "MSACore-OF.h"; sourceTree = "<group>"; };
		6458036114E2FA08008B8410 /* MSACore.h */ = {isa = PBXFileReference; fileEncoding = 4; lastKnownFileType = sourcecode.c.h; path = MSACore.h; sourceTree = "<group>"; };
		6458036214E2FA08008B8410 /* MSACoreCommon.h */ = {isa = PBXFileReference; fileEncoding = 4; lastKnownFileType = sourcecode.c.h; path = MSACoreCommon.h; sourceTree = "<group>"; };
		6458036314E2FA08008B8410 /* MSACoreGL.cpp */ = {isa = PBXFileReference; fileEncoding = 4; lastKnownFileType = sourcecode.cpp.cpp; path = MSACoreGL.cpp; sourceTree = "<group>"; };
		6458036414E2FA08008B8410 /* MSACoreGL.h */ = {isa = PBXFileReference; fileEncoding = 4; lastKnownFileType = sourcecode.c.h; path = MSACoreGL.h; sourceTree = "<group>"; };
		6458036514E2FA08008B8410 /* MSACoreMath.h */ = {isa = PBXFileReference; fileEncoding = 4; lastKnownFileType = sourcecode.c.h; path = MSACoreMath.h; sourceTree = "<group>"; };
		6458037414E2FA08008B8410 /* MSAObjCPointer.cpp */ = {isa = PBXFileReference; fileEncoding = 4; lastKnownFileType = sourcecode.cpp.cpp; path = MSAObjCPointer.cpp; sourceTree = "<group>"; };
		6458037514E2FA08008B8410 /* MSAObjCPointer.h */ = {isa = PBXFileReference; fileEncoding = 4; lastKnownFileType = sourcecode.c.h; path = MSAObjCPointer.h; sourceTree = "<group>"; };
		6458039E14E2FA08008B8410 /* MSAPhysics.h */ = {isa = PBXFileReference; fileEncoding = 4; lastKnownFileType = sourcecode.c.h; path = MSAPhysics.h; sourceTree = "<group>"; };
		6458039F14E2FA08008B8410 /* MSAPhysics2D.h */ = {isa = PBXFileReference; fileEncoding = 4; lastKnownFileType = sourcecode.c.h; path = MSAPhysics2D.h; sourceTree = "<group>"; };
		645803A014E2FA08008B8410 /* MSAPhysics3D.h */ = {isa = PBXFileReference; fileEncoding = 4; lastKnownFileType = sourcecode.c.h; path = MSAPhysics3D.h; sourceTree = "<group>"; };
		645803A114E2FA08008B8410 /* MSAPhysicsAttraction.h */ = {isa = PBXFileReference; fileEncoding = 4; lastKnownFileType = sourcecode.c.h; path = MSAPhysicsAttraction.h; sourceTree = "<group>"; };
		645803A214E2FA08008B8410 /* MSAPhysicsCallbacks.h */ = {isa = PBXFileReference; fileEncoding = 4; lastKnownFileType = sourcecode.c.h; path = MSAPhysicsCallbacks.h; sourceTree = "<group>"; };
		645803A314E2FA08008B8410 /* MSAPhysicsConstraint.h */ = {isa = PBXFileReference; fileEncoding = 4; lastKnownFileType = sourcecode.c.h; path = MSAPhysicsConstraint.h; sourceTree = "<group>"; };
		645803A414E2FA08008B8410 /* MSAPhysicsDataRecorder.h */ = {isa = PBXFileReference; fileEncoding = 4; lastKnownFileType = sourcecode.c.h; path = MSAPhysicsDataRecorder.h; sourceTree = "<group>"; };
		645803A514E2FA08008B8410 /* MSAPhysicsParams.h */ = {isa = PBXFileReference; fileEncoding = 4; lastKnownFileType = sourcecode.c.h; path = MSAPhysicsParams.h; sourceTree = "<group>"; };
		645803A614E2FA08008B8410 /* MSAPhysicsParticle.h */ = {isa = PBXFileReference; fileEncoding = 4; lastKnownFileType = sourcecode.c.h; path = MSAPhysicsParticle.h; sourceTree = "<group>"; };
		645803A714E2FA08008B8410 /* MSAPhysicsParticleDrawer.h */ = {isa = PBXFileReference; fileEncoding = 4; lastKnownFileType = sourcecode.c.h; path = MSAPhysicsParticleDrawer.h; sourceTree = "<group>"; };
		645803A814E2FA08008B8410 /* MSAPhysicsParticleUpdater.h */ = {isa = PBXFileReference; fileEncoding = 4; lastKnownFileType = sourcecode.c.h; path = MSAPhysicsParticleUpdater.h; sourceTree = "<group>"; };
		645803A914E2FA08008B8410 /* MSAPhysicsSector.h */ = {isa = PBXFileReference; fileEncoding = 4; lastKnownFileType = sourcecode.c.h; path = MSAPhysicsSector.h; sourceTree = "<group>"; };
		645803AA14E2FA08008B8410 /* MSAPhysicsSpring.h */ = {isa = PBXFileReference; fileEncoding = 4; lastKnownFileType = sourcecode.c.h; path = MSAPhysicsSpring.h; sourceTree = "<group>"; };
		645803AB14E2FA08008B8410 /* MSAPhysicsWorld.h */ = {isa = PBXFileReference; fileEncoding = 4; lastKnownFileType = sourcecode.c.h; path = MSAPhysicsWorld.h; sourceTree = "<group>"; };
		645803B914E2FA08008B8410 /* ofxMSAInteractiveObject.cpp */ = {isa = PBXFileReference; fileEncoding = 4; lastKnownFileType = sourcecode.cpp.cpp; path = ofxMSAInteractiveObject.cpp; sourceTree = "<group>"; };
		645803BA14E2FA08008B8410 /* ofxMSAInteractiveObject.h */ = {isa = PBXFileReference; fileEncoding = 4; lastKnownFileType = sourcecode.c.h; path = ofxMSAInteractiveObject.h; sourceTree = "<group>"; };
		645803C814E2FA08008B8410 /* ofxSimpleGuiButton.cpp */ = {isa = PBXFileReference; fileEncoding = 4; lastKnownFileType = sourcecode.cpp.cpp; path = ofxSimpleGuiButton.cpp; sourceTree = "<group>"; };
		645803C914E2FA08008B8410 /* ofxSimpleGuiButton.h */ = {isa = PBXFileReference; fileEncoding = 4; lastKnownFileType = sourcecode.c.h; path = ofxSimpleGuiButton.h; sourceTree = "<group>"; };
		645803CA14E2FA08008B8410 /* ofxSimpleGuiColorPicker.cpp */ = {isa = PBXFileReference; fileEncoding = 4; lastKnownFileType = sourcecode.cpp.cpp; path = ofxSimpleGuiColorPicker.cpp; sourceTree = "<group>"; };
		645803CB14E2FA08008B8410 /* ofxSimpleGuiColorPicker.h */ = {isa = PBXFileReference; fileEncoding = 4; lastKnownFileType = sourcecode.c.h; path = ofxSimpleGuiColorPicker.h; sourceTree = "<group>"; };
		645803CC14E2FA08008B8410 /* ofxSimpleGuiComboBox.cpp */ = {isa = PBXFileReference; fileEncoding = 4; lastKnownFileType = sourcecode.cpp.cpp; path = ofxSimpleGuiComboBox.cpp; sourceTree = "<group>"; };
		645803CD14E2FA08008B8410 /* ofxSimpleGuiComboBox.h */ = {isa = PBXFileReference; fileEncoding = 4; lastKnownFileType = sourcecode.c.h; path = ofxSimpleGuiComboBox.h; sourceTree = "<group>"; };
		645803CE14E2FA08008B8410 /* ofxSimpleGuiContent.cpp */ = {isa = PBXFileReference; fileEncoding = 4; lastKnownFileType = sourcecode.cpp.cpp; path = ofxSimpleGuiContent.cpp; sourceTree = "<group>"; };
		645803CF14E2FA08008B8410 /* ofxSimpleGuiContent.h */ = {isa = PBXFileReference; fileEncoding = 4; lastKnownFileType = sourcecode.c.h; path = ofxSimpleGuiContent.h; sourceTree = "<group>"; };
		645803D014E2FA08008B8410 /* ofxSimpleGuiFPSCounter.cpp */ = {isa = PBXFileReference; fileEncoding = 4; lastKnownFileType = sourcecode.cpp.cpp; path = ofxSimpleGuiFPSCounter.cpp; sourceTree = "<group>"; };
		645803D114E2FA08008B8410 /* ofxSimpleGuiFPSCounter.h */ = {isa = PBXFileReference; fileEncoding = 4; lastKnownFileType = sourcecode.c.h; path = ofxSimpleGuiFPSCounter.h; sourceTree = "<group>"; };
		645803D214E2FA08008B8410 /* ofxSimpleGuiMovieSlider.cpp */ = {isa = PBXFileReference; fileEncoding = 4; lastKnownFileType = sourcecode.cpp.cpp; path = ofxSimpleGuiMovieSlider.cpp; sourceTree = "<group>"; };
		645803D314E2FA08008B8410 /* ofxSimpleGuiMovieSlider.h */ = {isa = PBXFileReference; fileEncoding = 4; lastKnownFileType = sourcecode.c.h; path = ofxSimpleGuiMovieSlider.h; sourceTree = "<group>"; };
		645803D414E2FA08008B8410 /* ofxSimpleGuiQuadWarp.cpp */ = {isa = PBXFileReference; fileEncoding = 4; lastKnownFileType = sourcecode.cpp.cpp; path = ofxSimpleGuiQuadWarp.cpp; sourceTree = "<group>"; };
		645803D514E2FA08008B8410 /* ofxSimpleGuiQuadWarp.h */ = {isa = PBXFileReference; fileEncoding = 4; lastKnownFileType = sourcecode.c.h; path = ofxSimpleGuiQuadWarp.h; sourceTree = "<group>"; };
		645803D614E2FA08008B8410 /* ofxSimpleGuiSlider2d.cpp */ = {isa = PBXFileReference; fileEncoding = 4; lastKnownFileType = sourcecode.cpp.cpp; path = ofxSimpleGuiSlider2d.cpp; sourceTree = "<group>"; };
		645803D714E2FA08008B8410 /* ofxSimpleGuiSlider2d.h */ = {isa = PBXFileReference; fileEncoding = 4; lastKnownFileType = sourcecode.c.h; path = ofxSimpleGuiSlider2d.h; sourceTree = "<group>"; };
		645803D814E2FA08008B8410 /* ofxSimpleGuiSliderBase.h */ = {isa = PBXFileReference; fileEncoding = 4; lastKnownFileType = sourcecode.c.h; path = ofxSimpleGuiSliderBase.h; sourceTree = "<group>"; };
		645803D914E2FA08008B8410 /* ofxSimpleGuiSliderFloat.h */ = {isa = PBXFileReference; fileEncoding = 4; lastKnownFileType = sourcecode.c.h; path = ofxSimpleGuiSliderFloat.h; sourceTree = "<group>"; };
		645803DA14E2FA08008B8410 /* ofxSimpleGuiSliderInt.h */ = {isa = PBXFileReference; fileEncoding = 4; lastKnownFileType = sourcecode.c.h; path = ofxSimpleGuiSliderInt.h; sourceTree = "<group>"; };
		645803DB14E2FA08008B8410 /* ofxSimpleGuiTitle.cpp */ = {isa = PBXFileReference; fileEncoding = 4; lastKnownFileType = sourcecode.cpp.cpp; path = ofxSimpleGuiTitle.cpp; sourceTree = "<group>"; };
		645803DC14E2FA08008B8410 /* ofxSimpleGuiTitle.h */ = {isa = PBXFileReference; fileEncoding = 4; lastKnownFileType = sourcecode.c.h; path = ofxSimpleGuiTitle.h; sourceTree = "<group>"; };
		645803DD14E2FA08008B8410 /* ofxSimpleGuiToggle.cpp */ = {isa = PBXFileReference; fileEncoding = 4; lastKnownFileType = sourcecode.cpp.cpp; path = ofxSimpleGuiToggle.cpp; sourceTree = "<group>"; };
		645803DE14E2FA08008B8410 /* ofxSimpleGuiToggle.h */ = {isa = PBXFileReference; fileEncoding = 4; lastKnownFileType = sourcecode.c.h; path = ofxSimpleGuiToggle.h; sourceTree = "<group>"; };
		645803DF14E2FA08008B8410 /* ofxSimpleGuiConfig.cpp */ = {isa = PBXFileReference; fileEncoding = 4; lastKnownFileType = sourcecode.cpp.cpp; path = ofxSimpleGuiConfig.cpp; sourceTree = "<group>"; };
		645803E014E2FA08008B8410 /* ofxSimpleGuiConfig.h */ = {isa = PBXFileReference; fileEncoding = 4; lastKnownFileType = sourcecode.c.h; path = ofxSimpleGuiConfig.h; sourceTree = "<group>"; };
		645803E114E2FA08008B8410 /* ofxSimpleGuiControl.cpp */ = {isa = PBXFileReference; fileEncoding = 4; lastKnownFileType = sourcecode.cpp.cpp; path = ofxSimpleGuiControl.cpp; sourceTree = "<group>"; };
		645803E214E2FA08008B8410 /* ofxSimpleGuiControl.h */ = {isa = PBXFileReference; fileEncoding = 4; lastKnownFileType = sourcecode.c.h; path = ofxSimpleGuiControl.h; sourceTree = "<group>"; };
		645803E314E2FA08008B8410 /* ofxSimpleGuiIncludes.h */ = {isa = PBXFileReference; fileEncoding = 4; lastKnownFileType = sourcecode.c.h; path = ofxSimpleGuiIncludes.h; sourceTree = "<group>"; };
		645803E414E2FA08008B8410 /* ofxSimpleGuiPage.cpp */ = {isa = PBXFileReference; fileEncoding = 4; lastKnownFileType = sourcecode.cpp.cpp; path = ofxSimpleGuiPage.cpp; sourceTree = "<group>"; };
		645803E514E2FA08008B8410 /* ofxSimpleGuiPage.h */ = {isa = PBXFileReference; fileEncoding = 4; lastKnownFileType = sourcecode.c.h; path = ofxSimpleGuiPage.h; sourceTree = "<group>"; };
		645803E614E2FA08008B8410 /* ofxSimpleGuiToo.cpp */ = {isa = PBXFileReference; fileEncoding = 4; lastKnownFileType = sourcecode.cpp.cpp; path = ofxSimpleGuiToo.cpp; sourceTree = "<group>"; };
		645803E714E2FA08008B8410 /* ofxSimpleGuiToo.h */ = {isa = PBXFileReference; fileEncoding = 4; lastKnownFileType = sourcecode.c.h; path = ofxSimpleGuiToo.h; sourceTree = "<group>"; };
		645803E814E2FA08008B8410 /* ofxSimpleGuiValueControl.cpp */ = {isa = PBXFileReference; fileEncoding = 4; lastKnownFileType = sourcecode.cpp.cpp; path = ofxSimpleGuiValueControl.cpp; sourceTree = "<group>"; };
		645803E914E2FA08008B8410 /* ofxSimpleGuiValueControl.h */ = {isa = PBXFileReference; fileEncoding = 4; lastKnownFileType = sourcecode.c.h; path = ofxSimpleGuiValueControl.h; sourceTree = "<group>"; };
		6458040E14E2FA17008B8410 /* install.xml */ = {isa = PBXFileReference; fileEncoding = 4; lastKnownFileType = text.xml; path = install.xml; sourceTree = "<group>"; };
		6458041014E2FA17008B8410 /* tinyxml.cpp */ = {isa = PBXFileReference; fileEncoding = 4; lastKnownFileType = sourcecode.cpp.cpp; path = tinyxml.cpp; sourceTree = "<group>"; };
		6458041114E2FA17008B8410 /* tinyxml.h */ = {isa = PBXFileReference; fileEncoding = 4; lastKnownFileType = sourcecode.c.h; path = tinyxml.h; sourceTree = "<group>"; };
		6458041214E2FA17008B8410 /* tinyxmlerror.cpp */ = {isa = PBXFileReference; fileEncoding = 4; lastKnownFileType = sourcecode.cpp.cpp; path = tinyxmlerror.cpp; sourceTree = "<group>"; };
		6458041314E2FA17008B8410 /* tinyxmlparser.cpp */ = {isa = PBXFileReference; fileEncoding = 4; lastKnownFileType = sourcecode.cpp.cpp; path = tinyxmlparser.cpp; sourceTree = "<group>"; };
		6458041514E2FA17008B8410 /* ofxXmlSettings.cpp */ = {isa = PBXFileReference; fileEncoding = 4; lastKnownFileType = sourcecode.cpp.cpp; path = ofxXmlSettings.cpp; sourceTree = "<group>"; };
		6458041614E2FA17008B8410 /* ofxXmlSettings.h */ = {isa = PBXFileReference; fileEncoding = 4; lastKnownFileType = sourcecode.c.h; path = ofxXmlSettings.h; sourceTree = "<group>"; };
		648AC59C15458A02001C4590 /* TT_CamTarget.h */ = {isa = PBXFileReference; fileEncoding = 4; lastKnownFileType = sourcecode.c.h; path = TT_CamTarget.h; sourceTree = "<group>"; };
		648AC5A91545A658001C4590 /* TT_CamTarget_Vibrate.h */ = {isa = PBXFileReference; fileEncoding = 4; lastKnownFileType = sourcecode.c.h; path = TT_CamTarget_Vibrate.h; sourceTree = "<group>"; };
		BBAB23BE13894E4700AA2426 /* GLUT.framework */ = {isa = PBXFileReference; lastKnownFileType = wrapper.framework; name = GLUT.framework; path = ../../../libs/glut/lib/osx/GLUT.framework; sourceTree = "<group>"; };
		E4328143138ABC890047C5CB /* openFrameworksLib.xcodeproj */ = {isa = PBXFileReference; lastKnownFileType = "wrapper.pb-project"; name = openFrameworksLib.xcodeproj; path = ../../../libs/openFrameworksCompiled/project/osx/openFrameworksLib.xcodeproj; sourceTree = SOURCE_ROOT; };
		E45BE9710E8CC7DD009D7055 /* AGL.framework */ = {isa = PBXFileReference; lastKnownFileType = wrapper.framework; name = AGL.framework; path = /System/Library/Frameworks/AGL.framework; sourceTree = "<absolute>"; };
		E45BE9720E8CC7DD009D7055 /* ApplicationServices.framework */ = {isa = PBXFileReference; lastKnownFileType = wrapper.framework; name = ApplicationServices.framework; path = /System/Library/Frameworks/ApplicationServices.framework; sourceTree = "<absolute>"; };
		E45BE9730E8CC7DD009D7055 /* AudioToolbox.framework */ = {isa = PBXFileReference; lastKnownFileType = wrapper.framework; name = AudioToolbox.framework; path = /System/Library/Frameworks/AudioToolbox.framework; sourceTree = "<absolute>"; };
		E45BE9740E8CC7DD009D7055 /* Carbon.framework */ = {isa = PBXFileReference; lastKnownFileType = wrapper.framework; name = Carbon.framework; path = /System/Library/Frameworks/Carbon.framework; sourceTree = "<absolute>"; };
		E45BE9750E8CC7DD009D7055 /* CoreAudio.framework */ = {isa = PBXFileReference; lastKnownFileType = wrapper.framework; name = CoreAudio.framework; path = /System/Library/Frameworks/CoreAudio.framework; sourceTree = "<absolute>"; };
		E45BE9760E8CC7DD009D7055 /* CoreFoundation.framework */ = {isa = PBXFileReference; lastKnownFileType = wrapper.framework; name = CoreFoundation.framework; path = /System/Library/Frameworks/CoreFoundation.framework; sourceTree = "<absolute>"; };
		E45BE9770E8CC7DD009D7055 /* CoreServices.framework */ = {isa = PBXFileReference; lastKnownFileType = wrapper.framework; name = CoreServices.framework; path = /System/Library/Frameworks/CoreServices.framework; sourceTree = "<absolute>"; };
		E45BE9790E8CC7DD009D7055 /* OpenGL.framework */ = {isa = PBXFileReference; lastKnownFileType = wrapper.framework; name = OpenGL.framework; path = /System/Library/Frameworks/OpenGL.framework; sourceTree = "<absolute>"; };
		E45BE97A0E8CC7DD009D7055 /* QuickTime.framework */ = {isa = PBXFileReference; lastKnownFileType = wrapper.framework; name = QuickTime.framework; path = /System/Library/Frameworks/QuickTime.framework; sourceTree = "<absolute>"; };
		E4B69B5B0A3A1756003C02F2 /* ghostDebug.app */ = {isa = PBXFileReference; explicitFileType = wrapper.application; includeInIndex = 0; path = ghostDebug.app; sourceTree = BUILT_PRODUCTS_DIR; };
		E4B6FCAD0C3E899E008CF71C /* openFrameworks-Info.plist */ = {isa = PBXFileReference; fileEncoding = 30; lastKnownFileType = text.plist.xml; path = "openFrameworks-Info.plist"; sourceTree = "<group>"; };
		E4C2424410CC5A17004149E2 /* AppKit.framework */ = {isa = PBXFileReference; lastKnownFileType = wrapper.framework; name = AppKit.framework; path = /System/Library/Frameworks/AppKit.framework; sourceTree = "<absolute>"; };
		E4C2424510CC5A17004149E2 /* Cocoa.framework */ = {isa = PBXFileReference; lastKnownFileType = wrapper.framework; name = Cocoa.framework; path = /System/Library/Frameworks/Cocoa.framework; sourceTree = "<absolute>"; };
		E4C2424610CC5A17004149E2 /* IOKit.framework */ = {isa = PBXFileReference; lastKnownFileType = wrapper.framework; name = IOKit.framework; path = /System/Library/Frameworks/IOKit.framework; sourceTree = "<absolute>"; };
		E4EB691F138AFCF100A09F29 /* CoreOF.xcconfig */ = {isa = PBXFileReference; fileEncoding = 4; lastKnownFileType = text.xcconfig; name = CoreOF.xcconfig; path = ../../../libs/openFrameworksCompiled/project/osx/CoreOF.xcconfig; sourceTree = SOURCE_ROOT; };
		E4EB6923138AFD0F00A09F29 /* Project.xcconfig */ = {isa = PBXFileReference; fileEncoding = 4; lastKnownFileType = text.xcconfig; path = Project.xcconfig; sourceTree = "<group>"; };
/* End PBXFileReference section */

/* Begin PBXFrameworksBuildPhase section */
		E4B69B590A3A1756003C02F2 /* Frameworks */ = {
			isa = PBXFrameworksBuildPhase;
			buildActionMask = 2147483647;
			files = (
				E4EB6799138ADC1D00A09F29 /* GLUT.framework in Frameworks */,
				E4328149138ABC9F0047C5CB /* openFrameworksDebug.a in Frameworks */,
				E45BE97B0E8CC7DD009D7055 /* AGL.framework in Frameworks */,
				E45BE97C0E8CC7DD009D7055 /* ApplicationServices.framework in Frameworks */,
				E45BE97D0E8CC7DD009D7055 /* AudioToolbox.framework in Frameworks */,
				E45BE97E0E8CC7DD009D7055 /* Carbon.framework in Frameworks */,
				E45BE97F0E8CC7DD009D7055 /* CoreAudio.framework in Frameworks */,
				E45BE9800E8CC7DD009D7055 /* CoreFoundation.framework in Frameworks */,
				E45BE9810E8CC7DD009D7055 /* CoreServices.framework in Frameworks */,
				E45BE9830E8CC7DD009D7055 /* OpenGL.framework in Frameworks */,
				E45BE9840E8CC7DD009D7055 /* QuickTime.framework in Frameworks */,
				E4C2424710CC5A17004149E2 /* AppKit.framework in Frameworks */,
				E4C2424810CC5A17004149E2 /* Cocoa.framework in Frameworks */,
				E4C2424910CC5A17004149E2 /* IOKit.framework in Frameworks */,
			);
			runOnlyForDeploymentPostprocessing = 0;
		};
/* End PBXFrameworksBuildPhase section */

/* Begin PBXGroup section */
		6410F310150EE18500371424 /* ofxTween */ = {
			isa = PBXGroup;
			children = (
				6410F34B150EE18500371424 /* src */,
			);
			name = ofxTween;
			path = ../../../addons/ofxTween;
			sourceTree = "<group>";
		};
		6410F34B150EE18500371424 /* src */ = {
			isa = PBXGroup;
			children = (
				6410F34C150EE18500371424 /* Easings */,
				6410F366150EE18500371424 /* ofxTween.cpp */,
				6410F367150EE18500371424 /* ofxTween.h */,
			);
			path = src;
			sourceTree = "<group>";
		};
		6410F34C150EE18500371424 /* Easings */ = {
			isa = PBXGroup;
			children = (
				6410F34D150EE18500371424 /* easing_terms_of_use.html */,
				6410F34E150EE18500371424 /* ofxEasing.cpp */,
				6410F34F150EE18500371424 /* ofxEasing.h */,
				6410F350150EE18500371424 /* ofxEasingBack.cpp */,
				6410F351150EE18500371424 /* ofxEasingBack.h */,
				6410F352150EE18500371424 /* ofxEasingBounce.cpp */,
				6410F353150EE18500371424 /* ofxEasingBounce.h */,
				6410F354150EE18500371424 /* ofxEasingCirc.cpp */,
				6410F355150EE18500371424 /* ofxEasingCirc.h */,
				6410F356150EE18500371424 /* ofxEasingCubic.cpp */,
				6410F357150EE18500371424 /* ofxEasingCubic.h */,
				6410F358150EE18500371424 /* ofxEasingElastic.cpp */,
				6410F359150EE18500371424 /* ofxEasingElastic.h */,
				6410F35A150EE18500371424 /* ofxEasingExpo.cpp */,
				6410F35B150EE18500371424 /* ofxEasingExpo.h */,
				6410F35C150EE18500371424 /* ofxEasingLinear.cpp */,
				6410F35D150EE18500371424 /* ofxEasingLinear.h */,
				6410F35E150EE18500371424 /* ofxEasingQuad.cpp */,
				6410F35F150EE18500371424 /* ofxEasingQuad.h */,
				6410F360150EE18500371424 /* ofxEasingQuart.cpp */,
				6410F361150EE18500371424 /* ofxEasingQuart.h */,
				6410F362150EE18500371424 /* ofxEasingQuint.cpp */,
				6410F363150EE18500371424 /* ofxEasingQuint.h */,
				6410F364150EE18500371424 /* ofxEasingSine.cpp */,
				6410F365150EE18500371424 /* ofxEasingSine.h */,
			);
			path = Easings;
			sourceTree = "<group>";
		};
		641F052915452B0500B45D92 /* 3d */ = {
			isa = PBXGroup;
			children = (
				641F052A15452B0500B45D92 /* TT_3D_Plane.cpp */,
				641F052B15452B0500B45D92 /* TT_3D_Plane.h */,
				641F052C15452B0500B45D92 /* TT_Box.cpp */,
				641F052D15452B0500B45D92 /* TT_Box.h */,
				641F052E15452B0500B45D92 /* TT_BoxGui.h */,
				648AC59C15458A02001C4590 /* TT_CamTarget.h */,
				648AC5A91545A658001C4590 /* TT_CamTarget_Vibrate.h */,
				641F052F15452B0500B45D92 /* TT_DiscoBox.h */,
				641F053015452B0500B45D92 /* TT_DiscoBoxApp.h */,
				641F053115452B0500B45D92 /* TT_Fog.h */,
				641F053215452B0500B45D92 /* TT_FogAnimated.h */,
			);
			path = 3d;
			sourceTree = "<group>";
		};
		641F053315452B0500B45D92 /* app */ = {
			isa = PBXGroup;
			children = (
				641F053415452B0500B45D92 /* AppEvents.cpp */,
				641F053515452B0500B45D92 /* AppEvents.h */,
			);
			path = app;
			sourceTree = "<group>";
		};
		641F053615452B0500B45D92 /* fluid */ = {
			isa = PBXGroup;
			children = (
				641F053715452B0500B45D92 /* forces */,
				641F053E15452B0500B45D92 /* MSAFluidManager.cpp */,
				641F053F15452B0500B45D92 /* MSAFluidManager.h */,
				641F054015452B0500B45D92 /* MSAFluidManagerApp.h */,
				641F054115452B0500B45D92 /* MSAPhysicsFluidUpdater.cpp */,
				641F054215452B0500B45D92 /* MSAPhysicsFluidUpdater.h */,
			);
			path = fluid;
			sourceTree = "<group>";
		};
		641F053715452B0500B45D92 /* forces */ = {
			isa = PBXGroup;
			children = (
				641F053815452B0500B45D92 /* baseforce.cpp */,
				641F053915452B0500B45D92 /* baseforce.h */,
				641F053A15452B0500B45D92 /* BaseForceAnimated.h */,
				641F053B15452B0500B45D92 /* ForceFromSide.h */,
				641F053C15452B0500B45D92 /* sinewaveforce.cpp */,
				641F053D15452B0500B45D92 /* sinewaveforce.h */,
			);
			path = forces;
			sourceTree = "<group>";
		};
		641F054415452B0500B45D92 /* particle-system */ = {
			isa = PBXGroup;
			children = (
				641F054515452B0500B45D92 /* msa-physics-updater */,
				641F054A15452B0500B45D92 /* MSAParticleSystem3D.cpp */,
				641F054B15452B0500B45D92 /* MSAParticleSystem3D.h */,
				641F054C15452B0500B45D92 /* MSAParticleSystem3D_Abstract.cpp */,
				641F054D15452B0500B45D92 /* MSAParticleSystem3D_Abstract.h */,
				641F054E15452B0500B45D92 /* MSAParticleSystem3D_Groups.h */,
				641F054F15452B0500B45D92 /* MSAParticleSystemEvented.h */,
				641F055015452B0500B45D92 /* particle-groups */,
				641F055C15452B0500B45D92 /* particles */,
			);
			path = "particle-system";
			sourceTree = "<group>";
		};
		641F054515452B0500B45D92 /* msa-physics-updater */ = {
			isa = PBXGroup;
			children = (
				641F054615452B0500B45D92 /* MSAPhysicsFluidUpdater3D.h */,
				641F054715452B0500B45D92 /* MSAPhysicsUpdater3D.cpp */,
				641F054815452B0500B45D92 /* MSAPhysicsUpdater3D.h */,
				641F054915452B0500B45D92 /* MSAPhysicsUpdaterShake.h */,
			);
			path = "msa-physics-updater";
			sourceTree = "<group>";
		};
		641F055015452B0500B45D92 /* particle-groups */ = {
			isa = PBXGroup;
			children = (
				641F055115452B0500B45D92 /* MSAParticleGroup3D.cpp */,
				641F055215452B0500B45D92 /* MSAParticleGroup3D.h */,
				641F055315452B0500B45D92 /* MSAParticleGroup3D_Lines.h */,
				641F055415452B0500B45D92 /* MSAParticleGroup3D_PointSprites.h */,
				641F055515452B0500B45D92 /* MSAParticleGroup3D_PointSpritesShader.h */,
				641F055615452B0500B45D92 /* MSAParticleGroup3D_PointSpritesVbo.h */,
				641F055715452B0500B45D92 /* MSAParticleGroup3DMesh.h */,
				641F055815452B0500B45D92 /* MSAParticleGroup3DMesh_Lines.h */,
				641F055915452B0500B45D92 /* MSAParticleGroup3DMesh_PointSprites.h */,
				641F055A15452B0500B45D92 /* MSAParticleGroup3DMesh_Quad.h */,
				641F055B15452B0500B45D92 /* MSAParticleGroups3D_Quads.h */,
			);
			path = "particle-groups";
			sourceTree = "<group>";
		};
		641F055C15452B0500B45D92 /* particles */ = {
			isa = PBXGroup;
			children = (
				641F055D15452B0500B45D92 /* TT_Custom_MSAParticle3D.h */,
			);
			path = particles;
			sourceTree = "<group>";
		};
		641F055E15452B0500B45D92 /* sequencer */ = {
			isa = PBXGroup;
			children = (
				641F055F15452B0500B45D92 /* TT_Sequencer copy.h */,
				641F056015452B0500B45D92 /* TT_Sequencer.h */,
				641F056115452B0500B45D92 /* TT_Sequencer_Quiet.h */,
				641F056215452B0500B45D92 /* TT_SequencerSettings.h */,
				641F056315452B0500B45D92 /* TT_Tempo.h */,
			);
			path = sequencer;
			sourceTree = "<group>";
		};
		641F056415452B0500B45D92 /* sound */ = {
			isa = PBXGroup;
			children = (
				641F056515452B0500B45D92 /* TT_SoundManager.h */,
				641F056615452B0500B45D92 /* TT_SoundPlayer.h */,
				641F056715452B0500B45D92 /* TT_SoundPlayer_gui.h */,
				641F056815452B0500B45D92 /* TT_Timer.h */,
			);
			path = sound;
			sourceTree = "<group>";
		};
		641F057815452BF000B45D92 /* preset-manager */ = {
			isa = PBXGroup;
			children = (
				641F057915452BF000B45D92 /* TT_Presets.h */,
			);
			path = "preset-manager";
			sourceTree = "<group>";
		};
		6423C93414E56ED500B9C6A0 /* MSAFluid */ = {
			isa = PBXGroup;
			children = (
				6423C98214E56ED500B9C6A0 /* src */,
			);
			name = MSAFluid;
			path = ../../../addons/msalibs/MSAFluid;
			sourceTree = "<group>";
		};
		6423C98214E56ED500B9C6A0 /* src */ = {
			isa = PBXGroup;
			children = (
				6423C98314E56ED500B9C6A0 /* MSAFluid.h */,
				6423C98414E56ED500B9C6A0 /* MSAFluidDrawerBase.cpp */,
				6423C98514E56ED500B9C6A0 /* MSAFluidDrawerBase.h */,
				6423C98614E56ED500B9C6A0 /* MSAFluidDrawerGl-Cinder.h */,
				6423C98714E56ED500B9C6A0 /* MSAFluidDrawerGl-OF.h */,
				6423C98814E56ED500B9C6A0 /* MSAFluidParticleUpdater.h */,
				6423C98914E56ED500B9C6A0 /* MSAFluidSolver.cpp */,
				6423C98A14E56ED500B9C6A0 /* MSAFluidSolver.h */,
			);
			path = src;
			sourceTree = "<group>";
		};
		6423C9B214E5715B00B9C6A0 /* MSATimer */ = {
			isa = PBXGroup;
			children = (
				6423C9B514E5715B00B9C6A0 /* src */,
			);
			name = MSATimer;
			path = ../../../addons/msalibs/MSATimer;
			sourceTree = "<group>";
		};
		6423C9B514E5715B00B9C6A0 /* src */ = {
			isa = PBXGroup;
			children = (
				6423C9B614E5715B00B9C6A0 /* MSATimer.h */,
			);
			path = src;
			sourceTree = "<group>";
		};
		6458035614E2FA08008B8410 /* MSACore */ = {
			isa = PBXGroup;
			children = (
				6458035714E2FA08008B8410 /* install.xml */,
				6458035814E2FA08008B8410 /* src */,
			);
			name = MSACore;
			path = ../../../addons/msalibs/MSACore;
			sourceTree = "<group>";
		};
		6458035814E2FA08008B8410 /* src */ = {
			isa = PBXGroup;
			children = (
				6458035914E2FA08008B8410 /* cinder-lite */,
				6458035F14E2FA08008B8410 /* MSACore-Cinder.h */,
				6458036014E2FA08008B8410 /* MSACore-OF.h */,
				6458036114E2FA08008B8410 /* MSACore.h */,
				6458036214E2FA08008B8410 /* MSACoreCommon.h */,
				6458036314E2FA08008B8410 /* MSACoreGL.cpp */,
				6458036414E2FA08008B8410 /* MSACoreGL.h */,
				6458036514E2FA08008B8410 /* MSACoreMath.h */,
			);
			path = src;
			sourceTree = "<group>";
		};
		6458035914E2FA08008B8410 /* cinder-lite */ = {
			isa = PBXGroup;
			children = (
				6458035A14E2FA08008B8410 /* ChanTraits.h */,
				6458035B14E2FA08008B8410 /* CinderMath.h */,
				6458035C14E2FA08008B8410 /* Color.cpp */,
				6458035D14E2FA08008B8410 /* Color.h */,
				6458035E14E2FA08008B8410 /* Vector.h */,
			);
			path = "cinder-lite";
			sourceTree = "<group>";
		};
		6458036614E2FA08008B8410 /* MSAObjCPointer */ = {
			isa = PBXGroup;
			children = (
				6458037314E2FA08008B8410 /* src */,
			);
			name = MSAObjCPointer;
			path = ../../../addons/msalibs/MSAObjCPointer;
			sourceTree = "<group>";
		};
		6458037314E2FA08008B8410 /* src */ = {
			isa = PBXGroup;
			children = (
				6458037414E2FA08008B8410 /* MSAObjCPointer.cpp */,
				6458037514E2FA08008B8410 /* MSAObjCPointer.h */,
			);
			path = src;
			sourceTree = "<group>";
		};
		6458037614E2FA08008B8410 /* MSAPhysics */ = {
			isa = PBXGroup;
			children = (
				6458039D14E2FA08008B8410 /* src */,
			);
			name = MSAPhysics;
			path = ../../../addons/msalibs/MSAPhysics;
			sourceTree = "<group>";
		};
		6458039D14E2FA08008B8410 /* src */ = {
			isa = PBXGroup;
			children = (
				6458039E14E2FA08008B8410 /* MSAPhysics.h */,
				6458039F14E2FA08008B8410 /* MSAPhysics2D.h */,
				645803A014E2FA08008B8410 /* MSAPhysics3D.h */,
				645803A114E2FA08008B8410 /* MSAPhysicsAttraction.h */,
				645803A214E2FA08008B8410 /* MSAPhysicsCallbacks.h */,
				645803A314E2FA08008B8410 /* MSAPhysicsConstraint.h */,
				645803A414E2FA08008B8410 /* MSAPhysicsDataRecorder.h */,
				645803A514E2FA08008B8410 /* MSAPhysicsParams.h */,
				645803A614E2FA08008B8410 /* MSAPhysicsParticle.h */,
				645803A714E2FA08008B8410 /* MSAPhysicsParticleDrawer.h */,
				645803A814E2FA08008B8410 /* MSAPhysicsParticleUpdater.h */,
				645803A914E2FA08008B8410 /* MSAPhysicsSector.h */,
				645803AA14E2FA08008B8410 /* MSAPhysicsSpring.h */,
				645803AB14E2FA08008B8410 /* MSAPhysicsWorld.h */,
			);
			path = src;
			sourceTree = "<group>";
		};
		645803AC14E2FA08008B8410 /* ofxMSAInteractiveObject */ = {
			isa = PBXGroup;
			children = (
				645803B814E2FA08008B8410 /* src */,
			);
			name = ofxMSAInteractiveObject;
			path = ../../../addons/msalibs/ofxMSAInteractiveObject;
			sourceTree = "<group>";
		};
		645803B814E2FA08008B8410 /* src */ = {
			isa = PBXGroup;
			children = (
				645803B914E2FA08008B8410 /* ofxMSAInteractiveObject.cpp */,
				645803BA14E2FA08008B8410 /* ofxMSAInteractiveObject.h */,
			);
			path = src;
			sourceTree = "<group>";
		};
		645803BB14E2FA08008B8410 /* ofxSimpleGuiToo */ = {
			isa = PBXGroup;
			children = (
				645803C614E2FA08008B8410 /* src */,
			);
			name = ofxSimpleGuiToo;
			path = ../../../addons/msalibs/ofxSimpleGuiToo;
			sourceTree = "<group>";
		};
		645803C614E2FA08008B8410 /* src */ = {
			isa = PBXGroup;
			children = (
				645803C714E2FA08008B8410 /* Controls */,
				645803DF14E2FA08008B8410 /* ofxSimpleGuiConfig.cpp */,
				645803E014E2FA08008B8410 /* ofxSimpleGuiConfig.h */,
				645803E114E2FA08008B8410 /* ofxSimpleGuiControl.cpp */,
				645803E214E2FA08008B8410 /* ofxSimpleGuiControl.h */,
				645803E314E2FA08008B8410 /* ofxSimpleGuiIncludes.h */,
				645803E414E2FA08008B8410 /* ofxSimpleGuiPage.cpp */,
				645803E514E2FA08008B8410 /* ofxSimpleGuiPage.h */,
				645803E614E2FA08008B8410 /* ofxSimpleGuiToo.cpp */,
				645803E714E2FA08008B8410 /* ofxSimpleGuiToo.h */,
				645803E814E2FA08008B8410 /* ofxSimpleGuiValueControl.cpp */,
				645803E914E2FA08008B8410 /* ofxSimpleGuiValueControl.h */,
			);
			path = src;
			sourceTree = "<group>";
		};
		645803C714E2FA08008B8410 /* Controls */ = {
			isa = PBXGroup;
			children = (
				645803C814E2FA08008B8410 /* ofxSimpleGuiButton.cpp */,
				645803C914E2FA08008B8410 /* ofxSimpleGuiButton.h */,
				645803CA14E2FA08008B8410 /* ofxSimpleGuiColorPicker.cpp */,
				645803CB14E2FA08008B8410 /* ofxSimpleGuiColorPicker.h */,
				645803CC14E2FA08008B8410 /* ofxSimpleGuiComboBox.cpp */,
				645803CD14E2FA08008B8410 /* ofxSimpleGuiComboBox.h */,
				645803CE14E2FA08008B8410 /* ofxSimpleGuiContent.cpp */,
				645803CF14E2FA08008B8410 /* ofxSimpleGuiContent.h */,
				645803D014E2FA08008B8410 /* ofxSimpleGuiFPSCounter.cpp */,
				645803D114E2FA08008B8410 /* ofxSimpleGuiFPSCounter.h */,
				645803D214E2FA08008B8410 /* ofxSimpleGuiMovieSlider.cpp */,
				645803D314E2FA08008B8410 /* ofxSimpleGuiMovieSlider.h */,
				645803D414E2FA08008B8410 /* ofxSimpleGuiQuadWarp.cpp */,
				645803D514E2FA08008B8410 /* ofxSimpleGuiQuadWarp.h */,
				645803D614E2FA08008B8410 /* ofxSimpleGuiSlider2d.cpp */,
				645803D714E2FA08008B8410 /* ofxSimpleGuiSlider2d.h */,
				645803D814E2FA08008B8410 /* ofxSimpleGuiSliderBase.h */,
				645803D914E2FA08008B8410 /* ofxSimpleGuiSliderFloat.h */,
				645803DA14E2FA08008B8410 /* ofxSimpleGuiSliderInt.h */,
				645803DB14E2FA08008B8410 /* ofxSimpleGuiTitle.cpp */,
				645803DC14E2FA08008B8410 /* ofxSimpleGuiTitle.h */,
				645803DD14E2FA08008B8410 /* ofxSimpleGuiToggle.cpp */,
				645803DE14E2FA08008B8410 /* ofxSimpleGuiToggle.h */,
			);
			path = Controls;
			sourceTree = "<group>";
		};
		6458040D14E2FA17008B8410 /* ofxXmlSettings */ = {
			isa = PBXGroup;
			children = (
				6458040E14E2FA17008B8410 /* install.xml */,
				6458040F14E2FA17008B8410 /* libs */,
				6458041414E2FA17008B8410 /* src */,
			);
			name = ofxXmlSettings;
			path = ../../../addons/ofxXmlSettings;
			sourceTree = "<group>";
		};
		6458040F14E2FA17008B8410 /* libs */ = {
			isa = PBXGroup;
			children = (
				6458041014E2FA17008B8410 /* tinyxml.cpp */,
				6458041114E2FA17008B8410 /* tinyxml.h */,
				6458041214E2FA17008B8410 /* tinyxmlerror.cpp */,
				6458041314E2FA17008B8410 /* tinyxmlparser.cpp */,
			);
			path = libs;
			sourceTree = "<group>";
		};
		6458041414E2FA17008B8410 /* src */ = {
			isa = PBXGroup;
			children = (
				6458041514E2FA17008B8410 /* ofxXmlSettings.cpp */,
				6458041614E2FA17008B8410 /* ofxXmlSettings.h */,
			);
			path = src;
			sourceTree = "<group>";
		};
		BB4B014C10F69532006C3DED /* addons */ = {
			isa = PBXGroup;
			children = (
				6410F310150EE18500371424 /* ofxTween */,
				6423C9B214E5715B00B9C6A0 /* MSATimer */,
				6423C93414E56ED500B9C6A0 /* MSAFluid */,
				6458040D14E2FA17008B8410 /* ofxXmlSettings */,
				6458035614E2FA08008B8410 /* MSACore */,
				6458036614E2FA08008B8410 /* MSAObjCPointer */,
				6458037614E2FA08008B8410 /* MSAPhysics */,
				645803AC14E2FA08008B8410 /* ofxMSAInteractiveObject */,
				645803BB14E2FA08008B8410 /* ofxSimpleGuiToo */,
			);
			name = addons;
			sourceTree = "<group>";
		};
		BBAB23C913894ECA00AA2426 /* system frameworks */ = {
			isa = PBXGroup;
			children = (
				E4C2424410CC5A17004149E2 /* AppKit.framework */,
				E4C2424510CC5A17004149E2 /* Cocoa.framework */,
				E4C2424610CC5A17004149E2 /* IOKit.framework */,
				E45BE9710E8CC7DD009D7055 /* AGL.framework */,
				E45BE9720E8CC7DD009D7055 /* ApplicationServices.framework */,
				E45BE9730E8CC7DD009D7055 /* AudioToolbox.framework */,
				E45BE9740E8CC7DD009D7055 /* Carbon.framework */,
				E45BE9750E8CC7DD009D7055 /* CoreAudio.framework */,
				E45BE9760E8CC7DD009D7055 /* CoreFoundation.framework */,
				E45BE9770E8CC7DD009D7055 /* CoreServices.framework */,
				E45BE9790E8CC7DD009D7055 /* OpenGL.framework */,
				E45BE97A0E8CC7DD009D7055 /* QuickTime.framework */,
			);
			name = "system frameworks";
			sourceTree = "<group>";
		};
		BBAB23CA13894EDB00AA2426 /* 3rd party frameworks */ = {
			isa = PBXGroup;
			children = (
				BBAB23BE13894E4700AA2426 /* GLUT.framework */,
			);
			name = "3rd party frameworks";
			sourceTree = "<group>";
		};
		E4328144138ABC890047C5CB /* Products */ = {
			isa = PBXGroup;
			children = (
				E4328148138ABC890047C5CB /* openFrameworksDebug.a */,
			);
			name = Products;
			sourceTree = "<group>";
		};
		E45BE5980E8CC70C009D7055 /* frameworks */ = {
			isa = PBXGroup;
			children = (
				BBAB23CA13894EDB00AA2426 /* 3rd party frameworks */,
				BBAB23C913894ECA00AA2426 /* system frameworks */,
			);
			name = frameworks;
			sourceTree = "<group>";
		};
		E4B69B4A0A3A1720003C02F2 = {
			isa = PBXGroup;
			children = (
				E4B6FCAD0C3E899E008CF71C /* openFrameworks-Info.plist */,
				E4EB6923138AFD0F00A09F29 /* Project.xcconfig */,
				E4B69E1C0A3A1BDC003C02F2 /* src */,
				E4EEC9E9138DF44700A80321 /* openFrameworks */,
				BB4B014C10F69532006C3DED /* addons */,
				E45BE5980E8CC70C009D7055 /* frameworks */,
				E4B69B5B0A3A1756003C02F2 /* ghostDebug.app */,
			);
			sourceTree = "<group>";
		};
		E4B69E1C0A3A1BDC003C02F2 /* src */ = {
			isa = PBXGroup;
			children = (
				641F057815452BF000B45D92 /* preset-manager */,
				641F052915452B0500B45D92 /* 3d */,
				641F053315452B0500B45D92 /* app */,
				641F053615452B0500B45D92 /* fluid */,
				641F054315452B0500B45D92 /* main.cpp */,
				641F054415452B0500B45D92 /* particle-system */,
				641F055E15452B0500B45D92 /* sequencer */,
				641F056415452B0500B45D92 /* sound */,
				641F056915452B0500B45D92 /* testApp.cpp */,
				641F056A15452B0500B45D92 /* testApp.h */,
			);
			path = src;
			sourceTree = SOURCE_ROOT;
		};
		E4EEC9E9138DF44700A80321 /* openFrameworks */ = {
			isa = PBXGroup;
			children = (
				E4EB691F138AFCF100A09F29 /* CoreOF.xcconfig */,
				E4328143138ABC890047C5CB /* openFrameworksLib.xcodeproj */,
			);
			name = openFrameworks;
			sourceTree = "<group>";
		};
/* End PBXGroup section */

/* Begin PBXNativeTarget section */
		E4B69B5A0A3A1756003C02F2 /* ghost */ = {
			isa = PBXNativeTarget;
			buildConfigurationList = E4B69B5F0A3A1757003C02F2 /* Build configuration list for PBXNativeTarget "ghost" */;
			buildPhases = (
				E4B69B580A3A1756003C02F2 /* Sources */,
				E4B69B590A3A1756003C02F2 /* Frameworks */,
				E4B6FFFD0C3F9AB9008CF71C /* ShellScript */,
				E4C2427710CC5ABF004149E2 /* CopyFiles */,
			);
			buildRules = (
			);
			dependencies = (
				E4EEB9AC138B136A00A80321 /* PBXTargetDependency */,
			);
			name = ghost;
			productName = myOFApp;
			productReference = E4B69B5B0A3A1756003C02F2 /* ghostDebug.app */;
			productType = "com.apple.product-type.application";
		};
/* End PBXNativeTarget section */

/* Begin PBXProject section */
		E4B69B4C0A3A1720003C02F2 /* Project object */ = {
			isa = PBXProject;
			buildConfigurationList = E4B69B4D0A3A1720003C02F2 /* Build configuration list for PBXProject "ghost" */;
			compatibilityVersion = "Xcode 2.4";
			developmentRegion = English;
			hasScannedForEncodings = 0;
			knownRegions = (
				English,
				Japanese,
				French,
				German,
			);
			mainGroup = E4B69B4A0A3A1720003C02F2;
			productRefGroup = E4B69B4A0A3A1720003C02F2;
			projectDirPath = "";
			projectReferences = (
				{
					ProductGroup = E4328144138ABC890047C5CB /* Products */;
					ProjectRef = E4328143138ABC890047C5CB /* openFrameworksLib.xcodeproj */;
				},
			);
			projectRoot = "";
			targets = (
				E4B69B5A0A3A1756003C02F2 /* ghost */,
			);
		};
/* End PBXProject section */

/* Begin PBXReferenceProxy section */
		E4328148138ABC890047C5CB /* openFrameworksDebug.a */ = {
			isa = PBXReferenceProxy;
			fileType = archive.ar;
			path = openFrameworksDebug.a;
			remoteRef = E4328147138ABC890047C5CB /* PBXContainerItemProxy */;
			sourceTree = BUILT_PRODUCTS_DIR;
		};
/* End PBXReferenceProxy section */

/* Begin PBXShellScriptBuildPhase section */
		E4B6FFFD0C3F9AB9008CF71C /* ShellScript */ = {
			isa = PBXShellScriptBuildPhase;
			buildActionMask = 2147483647;
			files = (
			);
			inputPaths = (
			);
			outputPaths = (
			);
			runOnlyForDeploymentPostprocessing = 0;
			shellPath = /bin/sh;
			shellScript = "cp -f ../../../libs/fmodex/lib/osx/libfmodex.dylib \"$TARGET_BUILD_DIR/$PRODUCT_NAME.app/Contents/MacOS/libfmodex.dylib\"; install_name_tool -change ./libfmodex.dylib @executable_path/libfmodex.dylib \"$TARGET_BUILD_DIR/$PRODUCT_NAME.app/Contents/MacOS/$PRODUCT_NAME\";";
		};
/* End PBXShellScriptBuildPhase section */

/* Begin PBXSourcesBuildPhase section */
		E4B69B580A3A1756003C02F2 /* Sources */ = {
			isa = PBXSourcesBuildPhase;
			buildActionMask = 2147483647;
			files = (
				645803EE14E2FA08008B8410 /* Color.cpp in Sources */,
				645803EF14E2FA08008B8410 /* MSACoreGL.cpp in Sources */,
				645803F214E2FA08008B8410 /* MSAObjCPointer.cpp in Sources */,
				645803F814E2FA08008B8410 /* ofxMSAInteractiveObject.cpp in Sources */,
				645803FB14E2FA08008B8410 /* ofxSimpleGuiButton.cpp in Sources */,
				645803FC14E2FA08008B8410 /* ofxSimpleGuiColorPicker.cpp in Sources */,
				645803FD14E2FA08008B8410 /* ofxSimpleGuiComboBox.cpp in Sources */,
				645803FE14E2FA08008B8410 /* ofxSimpleGuiContent.cpp in Sources */,
				645803FF14E2FA08008B8410 /* ofxSimpleGuiFPSCounter.cpp in Sources */,
				6458040014E2FA08008B8410 /* ofxSimpleGuiMovieSlider.cpp in Sources */,
				6458040114E2FA08008B8410 /* ofxSimpleGuiQuadWarp.cpp in Sources */,
				6458040214E2FA08008B8410 /* ofxSimpleGuiSlider2d.cpp in Sources */,
				6458040314E2FA08008B8410 /* ofxSimpleGuiTitle.cpp in Sources */,
				6458040414E2FA08008B8410 /* ofxSimpleGuiToggle.cpp in Sources */,
				6458040514E2FA08008B8410 /* ofxSimpleGuiConfig.cpp in Sources */,
				6458040614E2FA08008B8410 /* ofxSimpleGuiControl.cpp in Sources */,
				6458040714E2FA08008B8410 /* ofxSimpleGuiPage.cpp in Sources */,
				6458040814E2FA08008B8410 /* ofxSimpleGuiToo.cpp in Sources */,
				6458040914E2FA08008B8410 /* ofxSimpleGuiValueControl.cpp in Sources */,
				6458041714E2FA17008B8410 /* tinyxml.cpp in Sources */,
				6458041814E2FA17008B8410 /* tinyxmlerror.cpp in Sources */,
				6458041914E2FA17008B8410 /* tinyxmlparser.cpp in Sources */,
				6458041A14E2FA17008B8410 /* ofxXmlSettings.cpp in Sources */,
				6423C9A414E56ED600B9C6A0 /* MSAFluidDrawerBase.cpp in Sources */,
				6423C9A514E56ED600B9C6A0 /* MSAFluidSolver.cpp in Sources */,
				6410F376150EE18500371424 /* ofxEasing.cpp in Sources */,
				6410F377150EE18500371424 /* ofxEasingBack.cpp in Sources */,
				6410F378150EE18500371424 /* ofxEasingBounce.cpp in Sources */,
				6410F379150EE18500371424 /* ofxEasingCirc.cpp in Sources */,
				6410F37A150EE18500371424 /* ofxEasingCubic.cpp in Sources */,
				6410F37B150EE18500371424 /* ofxEasingElastic.cpp in Sources */,
				6410F37C150EE18500371424 /* ofxEasingExpo.cpp in Sources */,
				6410F37D150EE18500371424 /* ofxEasingLinear.cpp in Sources */,
				6410F37E150EE18500371424 /* ofxEasingQuad.cpp in Sources */,
				6410F37F150EE18500371424 /* ofxEasingQuart.cpp in Sources */,
				6410F380150EE18500371424 /* ofxEasingQuint.cpp in Sources */,
				6410F381150EE18500371424 /* ofxEasingSine.cpp in Sources */,
				6410F382150EE18500371424 /* ofxTween.cpp in Sources */,
				641F056B15452B0500B45D92 /* TT_3D_Plane.cpp in Sources */,
				641F056C15452B0500B45D92 /* TT_Box.cpp in Sources */,
				641F056D15452B0500B45D92 /* AppEvents.cpp in Sources */,
				641F056E15452B0500B45D92 /* baseforce.cpp in Sources */,
				641F056F15452B0500B45D92 /* sinewaveforce.cpp in Sources */,
				641F057015452B0500B45D92 /* MSAFluidManager.cpp in Sources */,
				641F057115452B0500B45D92 /* MSAPhysicsFluidUpdater.cpp in Sources */,
				641F057215452B0500B45D92 /* main.cpp in Sources */,
				641F057315452B0500B45D92 /* MSAPhysicsUpdater3D.cpp in Sources */,
				641F057415452B0500B45D92 /* MSAParticleSystem3D.cpp in Sources */,
				641F057515452B0500B45D92 /* MSAParticleSystem3D_Abstract.cpp in Sources */,
				641F057615452B0500B45D92 /* MSAParticleGroup3D.cpp in Sources */,
				641F057715452B0500B45D92 /* testApp.cpp in Sources */,
			);
			runOnlyForDeploymentPostprocessing = 0;
		};
/* End PBXSourcesBuildPhase section */

/* Begin PBXTargetDependency section */
		E4EEB9AC138B136A00A80321 /* PBXTargetDependency */ = {
			isa = PBXTargetDependency;
			name = openFrameworks;
			targetProxy = E4EEB9AB138B136A00A80321 /* PBXContainerItemProxy */;
		};
/* End PBXTargetDependency section */

/* Begin XCBuildConfiguration section */
		E4B69B4E0A3A1720003C02F2 /* Debug */ = {
			isa = XCBuildConfiguration;
			baseConfigurationReference = E4EB6923138AFD0F00A09F29 /* Project.xcconfig */;
			buildSettings = {
				ARCHS = "$(NATIVE_ARCH)";
				CONFIGURATION_BUILD_DIR = "$(SRCROOT)/bin/";
				COPY_PHASE_STRIP = NO;
				DEAD_CODE_STRIPPING = YES;
				GCC_AUTO_VECTORIZATION = YES;
				GCC_ENABLE_SSE3_EXTENSIONS = YES;
				GCC_ENABLE_SUPPLEMENTAL_SSE3_INSTRUCTIONS = YES;
				GCC_INLINES_ARE_PRIVATE_EXTERN = NO;
				GCC_MODEL_TUNING = G5;
				GCC_SYMBOLS_PRIVATE_EXTERN = NO;
				GCC_WARN_ABOUT_DEPRECATED_FUNCTIONS = NO;
				GCC_WARN_ABOUT_INVALID_OFFSETOF_MACRO = NO;
				GCC_WARN_ALLOW_INCOMPLETE_PROTOCOL = NO;
				GCC_WARN_UNINITIALIZED_AUTOS = NO;
				GCC_WARN_UNUSED_VALUE = NO;
				GCC_WARN_UNUSED_VARIABLE = NO;
				OTHER_CPLUSPLUSFLAGS = (
					"-D__MACOSX_CORE__",
					"-lpthread",
				);
				SDKROOT = "$(DEVELOPER_SDK_DIR)/MacOSX10.6.sdk";
			};
			name = Debug;
		};
		E4B69B4F0A3A1720003C02F2 /* Release */ = {
			isa = XCBuildConfiguration;
			baseConfigurationReference = E4EB6923138AFD0F00A09F29 /* Project.xcconfig */;
			buildSettings = {
				ARCHS = "$(NATIVE_ARCH)";
				CONFIGURATION_BUILD_DIR = "$(SRCROOT)/bin/";
				COPY_PHASE_STRIP = YES;
				DEAD_CODE_STRIPPING = YES;
				GCC_AUTO_VECTORIZATION = YES;
				GCC_ENABLE_SSE3_EXTENSIONS = YES;
				GCC_ENABLE_SUPPLEMENTAL_SSE3_INSTRUCTIONS = YES;
				GCC_INLINES_ARE_PRIVATE_EXTERN = NO;
				GCC_MODEL_TUNING = G5;
				GCC_OPTIMIZATION_LEVEL = 3;
				GCC_SYMBOLS_PRIVATE_EXTERN = NO;
				GCC_UNROLL_LOOPS = YES;
				GCC_WARN_ABOUT_DEPRECATED_FUNCTIONS = NO;
				GCC_WARN_ABOUT_INVALID_OFFSETOF_MACRO = NO;
				GCC_WARN_ALLOW_INCOMPLETE_PROTOCOL = NO;
				GCC_WARN_UNINITIALIZED_AUTOS = NO;
				GCC_WARN_UNUSED_VALUE = NO;
				GCC_WARN_UNUSED_VARIABLE = NO;
				OTHER_CPLUSPLUSFLAGS = (
					"-D__MACOSX_CORE__",
					"-lpthread",
				);
				SDKROOT = "$(DEVELOPER_SDK_DIR)/MacOSX10.6.sdk";
			};
			name = Release;
		};
		E4B69B600A3A1757003C02F2 /* Debug */ = {
			isa = XCBuildConfiguration;
			buildSettings = {
				COPY_PHASE_STRIP = NO;
				FRAMEWORK_SEARCH_PATHS = (
					"$(inherited)",
					"$(FRAMEWORK_SEARCH_PATHS_QUOTED_FOR_TARGET_1)",
				);
				FRAMEWORK_SEARCH_PATHS_QUOTED_FOR_TARGET_1 = "\"$(SRCROOT)/../../../libs/glut/lib/osx\"";
				GCC_DYNAMIC_NO_PIC = NO;
				GCC_ENABLE_FIX_AND_CONTINUE = YES;
				GCC_GENERATE_DEBUGGING_SYMBOLS = YES;
				GCC_MODEL_TUNING = G4;
				GCC_PRECOMPILE_PREFIX_HEADER = YES;
				GCC_PREFIX_HEADER = "$(SYSTEM_LIBRARY_DIR)/Frameworks/Carbon.framework/Headers/Carbon.h";
				INFOPLIST_FILE = "openFrameworks-Info.plist";
				INSTALL_PATH = "$(HOME)/Applications";
				LIBRARY_SEARCH_PATHS = (
					"$(inherited)",
					"$(LIBRARY_SEARCH_PATHS_QUOTED_FOR_TARGET_1)",
					"$(LIBRARY_SEARCH_PATHS_QUOTED_FOR_TARGET_2)",
					"$(LIBRARY_SEARCH_PATHS_QUOTED_FOR_TARGET_3)",
					"$(LIBRARY_SEARCH_PATHS_QUOTED_FOR_TARGET_4)",
					"$(LIBRARY_SEARCH_PATHS_QUOTED_FOR_TARGET_5)",
					"$(LIBRARY_SEARCH_PATHS_QUOTED_FOR_TARGET_6)",
					"$(LIBRARY_SEARCH_PATHS_QUOTED_FOR_TARGET_7)",
					"$(LIBRARY_SEARCH_PATHS_QUOTED_FOR_TARGET_8)",
					"$(LIBRARY_SEARCH_PATHS_QUOTED_FOR_TARGET_9)",
					"$(LIBRARY_SEARCH_PATHS_QUOTED_FOR_TARGET_10)",
					"$(LIBRARY_SEARCH_PATHS_QUOTED_FOR_TARGET_11)",
					"$(LIBRARY_SEARCH_PATHS_QUOTED_FOR_TARGET_12)",
					"$(LIBRARY_SEARCH_PATHS_QUOTED_FOR_TARGET_13)",
					"$(LIBRARY_SEARCH_PATHS_QUOTED_FOR_TARGET_14)",
					"$(LIBRARY_SEARCH_PATHS_QUOTED_FOR_TARGET_15)",
					"$(LIBRARY_SEARCH_PATHS_QUOTED_FOR_TARGET_2)",
					"$(LIBRARY_SEARCH_PATHS_QUOTED_FOR_TARGET_3)",
					"$(LIBRARY_SEARCH_PATHS_QUOTED_FOR_TARGET_7)",
					"$(LIBRARY_SEARCH_PATHS_QUOTED_FOR_TARGET_8)",
					"$(LIBRARY_SEARCH_PATHS_QUOTED_FOR_TARGET_9)",
					"$(LIBRARY_SEARCH_PATHS_QUOTED_FOR_TARGET_10)",
					"$(LIBRARY_SEARCH_PATHS_QUOTED_FOR_TARGET_11)",
					"$(LIBRARY_SEARCH_PATHS_QUOTED_FOR_TARGET_12)",
					"$(LIBRARY_SEARCH_PATHS_QUOTED_FOR_TARGET_13)",
					"$(LIBRARY_SEARCH_PATHS_QUOTED_FOR_TARGET_16)",
					"$(LIBRARY_SEARCH_PATHS_QUOTED_FOR_TARGET_17)",
					"$(LIBRARY_SEARCH_PATHS_QUOTED_FOR_TARGET_18)",
					"$(LIBRARY_SEARCH_PATHS_QUOTED_FOR_TARGET_19)",
					"$(LIBRARY_SEARCH_PATHS_QUOTED_FOR_TARGET_20)",
					"$(LIBRARY_SEARCH_PATHS_QUOTED_FOR_TARGET_21)",
					"$(LIBRARY_SEARCH_PATHS_QUOTED_FOR_TARGET_22)",
					"$(LIBRARY_SEARCH_PATHS_QUOTED_FOR_TARGET_23)",
					"$(LIBRARY_SEARCH_PATHS_QUOTED_FOR_TARGET_24)",
					"$(LIBRARY_SEARCH_PATHS_QUOTED_FOR_TARGET_25)",
					"$(LIBRARY_SEARCH_PATHS_QUOTED_FOR_TARGET_26)",
					"$(LIBRARY_SEARCH_PATHS_QUOTED_FOR_TARGET_27)",
					"$(LIBRARY_SEARCH_PATHS_QUOTED_FOR_TARGET_28)",
					"$(LIBRARY_SEARCH_PATHS_QUOTED_FOR_TARGET_29)",
					"$(LIBRARY_SEARCH_PATHS_QUOTED_FOR_TARGET_30)",
					"$(LIBRARY_SEARCH_PATHS_QUOTED_FOR_TARGET_31)",
					"$(LIBRARY_SEARCH_PATHS_QUOTED_FOR_TARGET_32)",
					"$(LIBRARY_SEARCH_PATHS_QUOTED_FOR_TARGET_33)",
					"$(LIBRARY_SEARCH_PATHS_QUOTED_FOR_TARGET_34)",
					"$(LIBRARY_SEARCH_PATHS_QUOTED_FOR_TARGET_35)",
					"$(LIBRARY_SEARCH_PATHS_QUOTED_FOR_TARGET_36)",
					"$(LIBRARY_SEARCH_PATHS_QUOTED_FOR_TARGET_37)",
					"$(LIBRARY_SEARCH_PATHS_QUOTED_FOR_TARGET_38)",
					"$(LIBRARY_SEARCH_PATHS_QUOTED_FOR_TARGET_39)",
					"$(LIBRARY_SEARCH_PATHS_QUOTED_FOR_TARGET_40)",
					"$(LIBRARY_SEARCH_PATHS_QUOTED_FOR_TARGET_41)",
					"$(LIBRARY_SEARCH_PATHS_QUOTED_FOR_TARGET_42)",
					"$(LIBRARY_SEARCH_PATHS_QUOTED_FOR_TARGET_43)",
					"$(LIBRARY_SEARCH_PATHS_QUOTED_FOR_TARGET_44)",
					"$(LIBRARY_SEARCH_PATHS_QUOTED_FOR_TARGET_45)",
					"$(LIBRARY_SEARCH_PATHS_QUOTED_FOR_TARGET_46)",
					"$(LIBRARY_SEARCH_PATHS_QUOTED_FOR_TARGET_47)",
					"$(LIBRARY_SEARCH_PATHS_QUOTED_FOR_TARGET_48)",
					"$(LIBRARY_SEARCH_PATHS_QUOTED_FOR_TARGET_49)",
					"$(LIBRARY_SEARCH_PATHS_QUOTED_FOR_TARGET_50)",
					"$(LIBRARY_SEARCH_PATHS_QUOTED_FOR_TARGET_51)",
					"$(LIBRARY_SEARCH_PATHS_QUOTED_FOR_TARGET_52)",
				);
				PREBINDING = NO;
				PRODUCT_NAME = ghostDebug;
				WRAPPER_EXTENSION = app;
			};
			name = Debug;
		};
		E4B69B610A3A1757003C02F2 /* Release */ = {
			isa = XCBuildConfiguration;
			buildSettings = {
				COPY_PHASE_STRIP = YES;
				FRAMEWORK_SEARCH_PATHS = (
					"$(inherited)",
					"$(FRAMEWORK_SEARCH_PATHS_QUOTED_FOR_TARGET_1)",
				);
				FRAMEWORK_SEARCH_PATHS_QUOTED_FOR_TARGET_1 = "\"$(SRCROOT)/../../../libs/glut/lib/osx\"";
				GCC_ENABLE_FIX_AND_CONTINUE = NO;
				GCC_GENERATE_DEBUGGING_SYMBOLS = NO;
				GCC_MODEL_TUNING = G4;
				GCC_PRECOMPILE_PREFIX_HEADER = YES;
				GCC_PREFIX_HEADER = "$(SYSTEM_LIBRARY_DIR)/Frameworks/Carbon.framework/Headers/Carbon.h";
				INFOPLIST_FILE = "openFrameworks-Info.plist";
				INSTALL_PATH = "$(HOME)/Applications";
				LIBRARY_SEARCH_PATHS = (
					"$(inherited)",
					"$(LIBRARY_SEARCH_PATHS_QUOTED_FOR_TARGET_1)",
					"$(LIBRARY_SEARCH_PATHS_QUOTED_FOR_TARGET_2)",
					"$(LIBRARY_SEARCH_PATHS_QUOTED_FOR_TARGET_3)",
					"$(LIBRARY_SEARCH_PATHS_QUOTED_FOR_TARGET_4)",
					"$(LIBRARY_SEARCH_PATHS_QUOTED_FOR_TARGET_5)",
					"$(LIBRARY_SEARCH_PATHS_QUOTED_FOR_TARGET_6)",
					"$(LIBRARY_SEARCH_PATHS_QUOTED_FOR_TARGET_7)",
					"$(LIBRARY_SEARCH_PATHS_QUOTED_FOR_TARGET_8)",
					"$(LIBRARY_SEARCH_PATHS_QUOTED_FOR_TARGET_9)",
					"$(LIBRARY_SEARCH_PATHS_QUOTED_FOR_TARGET_10)",
					"$(LIBRARY_SEARCH_PATHS_QUOTED_FOR_TARGET_11)",
					"$(LIBRARY_SEARCH_PATHS_QUOTED_FOR_TARGET_12)",
					"$(LIBRARY_SEARCH_PATHS_QUOTED_FOR_TARGET_13)",
					"$(LIBRARY_SEARCH_PATHS_QUOTED_FOR_TARGET_14)",
					"$(LIBRARY_SEARCH_PATHS_QUOTED_FOR_TARGET_15)",
					"$(LIBRARY_SEARCH_PATHS_QUOTED_FOR_TARGET_2)",
					"$(LIBRARY_SEARCH_PATHS_QUOTED_1)",
					"$(LIBRARY_SEARCH_PATHS_QUOTED_FOR_TARGET_3)",
					"$(LIBRARY_SEARCH_PATHS_QUOTED_FOR_TARGET_7)",
					"$(LIBRARY_SEARCH_PATHS_QUOTED_FOR_TARGET_8)",
					"$(LIBRARY_SEARCH_PATHS_QUOTED_FOR_TARGET_9)",
					"$(LIBRARY_SEARCH_PATHS_QUOTED_FOR_TARGET_10)",
					"$(LIBRARY_SEARCH_PATHS_QUOTED_FOR_TARGET_11)",
					"$(LIBRARY_SEARCH_PATHS_QUOTED_FOR_TARGET_12)",
					"$(LIBRARY_SEARCH_PATHS_QUOTED_FOR_TARGET_13)",
					"$(LIBRARY_SEARCH_PATHS_QUOTED_FOR_TARGET_16)",
					"$(LIBRARY_SEARCH_PATHS_QUOTED_FOR_TARGET_17)",
					"$(LIBRARY_SEARCH_PATHS_QUOTED_FOR_TARGET_18)",
					"$(LIBRARY_SEARCH_PATHS_QUOTED_FOR_TARGET_19)",
					"$(LIBRARY_SEARCH_PATHS_QUOTED_FOR_TARGET_20)",
					"$(LIBRARY_SEARCH_PATHS_QUOTED_FOR_TARGET_21)",
					"$(LIBRARY_SEARCH_PATHS_QUOTED_FOR_TARGET_22)",
					"$(LIBRARY_SEARCH_PATHS_QUOTED_FOR_TARGET_23)",
					"$(LIBRARY_SEARCH_PATHS_QUOTED_FOR_TARGET_24)",
					"$(LIBRARY_SEARCH_PATHS_QUOTED_FOR_TARGET_25)",
					"$(LIBRARY_SEARCH_PATHS_QUOTED_FOR_TARGET_26)",
					"$(LIBRARY_SEARCH_PATHS_QUOTED_FOR_TARGET_27)",
					"$(LIBRARY_SEARCH_PATHS_QUOTED_FOR_TARGET_28)",
					"$(LIBRARY_SEARCH_PATHS_QUOTED_FOR_TARGET_29)",
					"$(LIBRARY_SEARCH_PATHS_QUOTED_FOR_TARGET_30)",
					"$(LIBRARY_SEARCH_PATHS_QUOTED_FOR_TARGET_31)",
					"$(LIBRARY_SEARCH_PATHS_QUOTED_FOR_TARGET_32)",
					"$(LIBRARY_SEARCH_PATHS_QUOTED_FOR_TARGET_33)",
					"$(LIBRARY_SEARCH_PATHS_QUOTED_FOR_TARGET_34)",
					"$(LIBRARY_SEARCH_PATHS_QUOTED_FOR_TARGET_35)",
					"$(LIBRARY_SEARCH_PATHS_QUOTED_FOR_TARGET_36)",
					"$(LIBRARY_SEARCH_PATHS_QUOTED_FOR_TARGET_37)",
					"$(LIBRARY_SEARCH_PATHS_QUOTED_FOR_TARGET_38)",
					"$(LIBRARY_SEARCH_PATHS_QUOTED_FOR_TARGET_39)",
					"$(LIBRARY_SEARCH_PATHS_QUOTED_FOR_TARGET_40)",
					"$(LIBRARY_SEARCH_PATHS_QUOTED_FOR_TARGET_41)",
					"$(LIBRARY_SEARCH_PATHS_QUOTED_FOR_TARGET_42)",
					"$(LIBRARY_SEARCH_PATHS_QUOTED_FOR_TARGET_43)",
					"$(LIBRARY_SEARCH_PATHS_QUOTED_FOR_TARGET_44)",
					"$(LIBRARY_SEARCH_PATHS_QUOTED_FOR_TARGET_45)",
					"$(LIBRARY_SEARCH_PATHS_QUOTED_FOR_TARGET_46)",
					"$(LIBRARY_SEARCH_PATHS_QUOTED_FOR_TARGET_47)",
					"$(LIBRARY_SEARCH_PATHS_QUOTED_FOR_TARGET_48)",
					"$(LIBRARY_SEARCH_PATHS_QUOTED_FOR_TARGET_49)",
					"$(LIBRARY_SEARCH_PATHS_QUOTED_FOR_TARGET_50)",
					"$(LIBRARY_SEARCH_PATHS_QUOTED_FOR_TARGET_51)",
				);
				PREBINDING = NO;
				PRODUCT_NAME = ghost;
				WRAPPER_EXTENSION = app;
			};
			name = Release;
		};
/* End XCBuildConfiguration section */

/* Begin XCConfigurationList section */
		E4B69B4D0A3A1720003C02F2 /* Build configuration list for PBXProject "ghost" */ = {
			isa = XCConfigurationList;
			buildConfigurations = (
				E4B69B4E0A3A1720003C02F2 /* Debug */,
				E4B69B4F0A3A1720003C02F2 /* Release */,
			);
			defaultConfigurationIsVisible = 0;
			defaultConfigurationName = Release;
		};
		E4B69B5F0A3A1757003C02F2 /* Build configuration list for PBXNativeTarget "ghost" */ = {
			isa = XCConfigurationList;
			buildConfigurations = (
				E4B69B600A3A1757003C02F2 /* Debug */,
				E4B69B610A3A1757003C02F2 /* Release */,
			);
			defaultConfigurationIsVisible = 0;
			defaultConfigurationName = Release;
		};
/* End XCConfigurationList section */
	};
	rootObject = E4B69B4C0A3A1720003C02F2 /* Project object */;
}
